// !$*UTF8*$!
{
	archiveVersion = 1;
	classes = {
	};
	objectVersion = 46;
	objects = {

/* Begin PBXBuildFile section */
		2C56528155AF5CA19D92F859 /* Pods_LuzazTests.framework in Frameworks */ = {isa = PBXBuildFile; fileRef = D247A977BEF427E2F2481396 /* Pods_LuzazTests.framework */; };
		37519FBFD3D8A2D3F8B11DF8 /* Pods_Luzaz.framework in Frameworks */ = {isa = PBXBuildFile; fileRef = E8EBA106D88C342C3A092D61 /* Pods_Luzaz.framework */; };
		75FA5624498EF303E4A5E88E /* Pods_LuzazUITests.framework in Frameworks */ = {isa = PBXBuildFile; fileRef = A572FCD7502747F2B33B2A7B /* Pods_LuzazUITests.framework */; };
		CC05BEAE230AF8DA006CE43D /* OffersDetailsViewController.swift in Sources */ = {isa = PBXBuildFile; fileRef = CC05BEAD230AF8DA006CE43D /* OffersDetailsViewController.swift */; };
		CC07BFAC2309C1F200E83B0D /* OffersView.swift in Sources */ = {isa = PBXBuildFile; fileRef = CC07BFAB2309C1F200E83B0D /* OffersView.swift */; };
		CC07BFAE2309C21000E83B0D /* OffersCellView.swift in Sources */ = {isa = PBXBuildFile; fileRef = CC07BFAD2309C21000E83B0D /* OffersCellView.swift */; };
		CC07BFB02309C23800E83B0D /* OffersPresenter.swift in Sources */ = {isa = PBXBuildFile; fileRef = CC07BFAF2309C23800E83B0D /* OffersPresenter.swift */; };
		CC1CE17F230B1CF500FCFFC0 /* Localizable.strings in Resources */ = {isa = PBXBuildFile; fileRef = CC1CE17E230B1CF500FCFFC0 /* Localizable.strings */; };
		CC2379EE2310A7D000923D59 /* LanguagesViewController.swift in Sources */ = {isa = PBXBuildFile; fileRef = CC2379ED2310A7D000923D59 /* LanguagesViewController.swift */; };
		CC52DCFE23096F9C00981C31 /* OffersInteractor.swift in Sources */ = {isa = PBXBuildFile; fileRef = CC52DCFD23096F9C00981C31 /* OffersInteractor.swift */; };
		CC52DD01230970E900981C31 /* Offer.swift in Sources */ = {isa = PBXBuildFile; fileRef = CC52DD00230970E900981C31 /* Offer.swift */; };
		CC6C6FEF230CF03D00D421CB /* OffersViewController+CellSpaceDelegate.swift in Sources */ = {isa = PBXBuildFile; fileRef = CC6C6FEE230CF03D00D421CB /* OffersViewController+CellSpaceDelegate.swift */; };
		CC8365B2230869E000A71DFC /* LuzazRouter.swift in Sources */ = {isa = PBXBuildFile; fileRef = CC8365B1230869E000A71DFC /* LuzazRouter.swift */; };
		CC8365B4230869FC00A71DFC /* NetworkConstants.swift in Sources */ = {isa = PBXBuildFile; fileRef = CC8365B3230869FC00A71DFC /* NetworkConstants.swift */; };
		CC8695C322F4F54B00E9F14D /* AppDelegate.swift in Sources */ = {isa = PBXBuildFile; fileRef = CC8695C222F4F54B00E9F14D /* AppDelegate.swift */; };
		CC8695C522F4F54B00E9F14D /* ViewController.swift in Sources */ = {isa = PBXBuildFile; fileRef = CC8695C422F4F54B00E9F14D /* ViewController.swift */; };
		CC8695C822F4F54B00E9F14D /* Main.storyboard in Resources */ = {isa = PBXBuildFile; fileRef = CC8695C622F4F54B00E9F14D /* Main.storyboard */; };
		CC8695CA22F4F54B00E9F14D /* Assets.xcassets in Resources */ = {isa = PBXBuildFile; fileRef = CC8695C922F4F54B00E9F14D /* Assets.xcassets */; };
		CC8695CD22F4F54B00E9F14D /* LaunchScreen.storyboard in Resources */ = {isa = PBXBuildFile; fileRef = CC8695CB22F4F54B00E9F14D /* LaunchScreen.storyboard */; };
		CC8695D822F4F54C00E9F14D /* LuzazTests.swift in Sources */ = {isa = PBXBuildFile; fileRef = CC8695D722F4F54C00E9F14D /* LuzazTests.swift */; };
		CC8695E322F4F54C00E9F14D /* LuzazUITests.swift in Sources */ = {isa = PBXBuildFile; fileRef = CC8695E222F4F54C00E9F14D /* LuzazUITests.swift */; };
		CC86960922F4F61C00E9F14D /* AllProductsUnderSubCategoriesViewController.swift in Sources */ = {isa = PBXBuildFile; fileRef = CC8695F022F4F61C00E9F14D /* AllProductsUnderSubCategoriesViewController.swift */; };
		CC86960A22F4F61C00E9F14D /* BrowseAdViewController.swift in Sources */ = {isa = PBXBuildFile; fileRef = CC8695F122F4F61C00E9F14D /* BrowseAdViewController.swift */; };
		CC86960B22F4F61C00E9F14D /* CategoriesLabelCollectionViewCell.swift in Sources */ = {isa = PBXBuildFile; fileRef = CC8695F222F4F61C00E9F14D /* CategoriesLabelCollectionViewCell.swift */; };
		CC86960C22F4F61C00E9F14D /* ChatViewController.swift in Sources */ = {isa = PBXBuildFile; fileRef = CC8695F322F4F61C00E9F14D /* ChatViewController.swift */; };
		CC86960D22F4F61C00E9F14D /* CollectionViewCellCategory.swift in Sources */ = {isa = PBXBuildFile; fileRef = CC8695F422F4F61C00E9F14D /* CollectionViewCellCategory.swift */; };
		CC86960E22F4F61C00E9F14D /* FavouriteIViewController.swift in Sources */ = {isa = PBXBuildFile; fileRef = CC8695F522F4F61C00E9F14D /* FavouriteIViewController.swift */; };
		CC86960F22F4F61C00E9F14D /* OffersViewController.swift in Sources */ = {isa = PBXBuildFile; fileRef = CC8695F622F4F61C00E9F14D /* OffersViewController.swift */; };
		CC86961022F4F61C00E9F14D /* HomeViewController.swift in Sources */ = {isa = PBXBuildFile; fileRef = CC8695F722F4F61C00E9F14D /* HomeViewController.swift */; };
		CC86961122F4F61C00E9F14D /* ImageCollectionViewCell.swift in Sources */ = {isa = PBXBuildFile; fileRef = CC8695F822F4F61C00E9F14D /* ImageCollectionViewCell.swift */; };
		CC86961222F4F61C00E9F14D /* LoginViewController.swift in Sources */ = {isa = PBXBuildFile; fileRef = CC8695F922F4F61C00E9F14D /* LoginViewController.swift */; };
		CC86961322F4F61C00E9F14D /* MainCategoriesViewController.swift in Sources */ = {isa = PBXBuildFile; fileRef = CC8695FA22F4F61C00E9F14D /* MainCategoriesViewController.swift */; };
		CC86961522F4F61C00E9F14D /* MyProductViewController.swift in Sources */ = {isa = PBXBuildFile; fileRef = CC8695FC22F4F61C00E9F14D /* MyProductViewController.swift */; };
		CC86961622F4F61C00E9F14D /* PopUpCountryViewController.swift in Sources */ = {isa = PBXBuildFile; fileRef = CC8695FD22F4F61C00E9F14D /* PopUpCountryViewController.swift */; };
		CC86961722F4F61C00E9F14D /* PopUpLanguguesViewController.swift in Sources */ = {isa = PBXBuildFile; fileRef = CC8695FE22F4F61C00E9F14D /* PopUpLanguguesViewController.swift */; };
		CC86961822F4F61C00E9F14D /* ProductScreendetailsViewController.swift in Sources */ = {isa = PBXBuildFile; fileRef = CC8695FF22F4F61C00E9F14D /* ProductScreendetailsViewController.swift */; };
		CC86961922F4F61C00E9F14D /* ProductViewController.swift in Sources */ = {isa = PBXBuildFile; fileRef = CC86960022F4F61C00E9F14D /* ProductViewController.swift */; };
		CC86961A22F4F61C00E9F14D /* RegisterationStatusViewController.swift in Sources */ = {isa = PBXBuildFile; fileRef = CC86960122F4F61C00E9F14D /* RegisterationStatusViewController.swift */; };
		CC86961B22F4F61C00E9F14D /* SellYourItemEndViewController.swift in Sources */ = {isa = PBXBuildFile; fileRef = CC86960222F4F61C00E9F14D /* SellYourItemEndViewController.swift */; };
		CC86961C22F4F61C00E9F14D /* SellYourItemFifthViewController.swift in Sources */ = {isa = PBXBuildFile; fileRef = CC86960322F4F61C00E9F14D /* SellYourItemFifthViewController.swift */; };
		CC86961D22F4F61C00E9F14D /* SellYourItemFourthViewController.swift in Sources */ = {isa = PBXBuildFile; fileRef = CC86960422F4F61C00E9F14D /* SellYourItemFourthViewController.swift */; };
		CC86961E22F4F61C00E9F14D /* SellYourItemSecondViewController.swift in Sources */ = {isa = PBXBuildFile; fileRef = CC86960522F4F61C00E9F14D /* SellYourItemSecondViewController.swift */; };
		CC86961F22F4F61C00E9F14D /* SellYourItemViewController.swift in Sources */ = {isa = PBXBuildFile; fileRef = CC86960622F4F61C00E9F14D /* SellYourItemViewController.swift */; };
		CC86962022F4F61C00E9F14D /* SubCategoriesViewController.swift in Sources */ = {isa = PBXBuildFile; fileRef = CC86960722F4F61C00E9F14D /* SubCategoriesViewController.swift */; };
		CC86962122F4F61C00E9F14D /* TetViewController.swift in Sources */ = {isa = PBXBuildFile; fileRef = CC86960822F4F61C00E9F14D /* TetViewController.swift */; };
		CC8E91EF23116F0900F82AB2 /* LeftSidePanelVC.swift in Sources */ = {isa = PBXBuildFile; fileRef = CC8E91EE23116F0900F82AB2 /* LeftSidePanelVC.swift */; };
		CC9482E7230F7D3D0058D78A /* CountriesViewController.swift in Sources */ = {isa = PBXBuildFile; fileRef = CC9482E6230F7D3D0058D78A /* CountriesViewController.swift */; };
		CC9482EB230F7F020058D78A /* CountryTableViewCell.swift in Sources */ = {isa = PBXBuildFile; fileRef = CC9482E9230F7F020058D78A /* CountryTableViewCell.swift */; };
		CC9482EC230F7F020058D78A /* CountryTableViewCell.xib in Resources */ = {isa = PBXBuildFile; fileRef = CC9482EA230F7F020058D78A /* CountryTableViewCell.xib */; };
		CC9482EF230F805A0058D78A /* CountryPresenter.swift in Sources */ = {isa = PBXBuildFile; fileRef = CC9482EE230F805A0058D78A /* CountryPresenter.swift */; };
		CC9482F1230F81400058D78A /* Country.swift in Sources */ = {isa = PBXBuildFile; fileRef = CC9482F0230F81400058D78A /* Country.swift */; };
		CC9482F4230F82D10058D78A /* CountryCellView.swift in Sources */ = {isa = PBXBuildFile; fileRef = CC9482F3230F82D10058D78A /* CountryCellView.swift */; };
		CC9482F6230F84C10058D78A /* CountryView.swift in Sources */ = {isa = PBXBuildFile; fileRef = CC9482F5230F84C10058D78A /* CountryView.swift */; };
		CC9F8FB122F6162A00B86648 /* Media.xcassets in Resources */ = {isa = PBXBuildFile; fileRef = CC9F8FB022F6162A00B86648 /* Media.xcassets */; };
		CCBAB860230A040500B33A36 /* OffersViewController+PresenterDelagate.swift in Sources */ = {isa = PBXBuildFile; fileRef = CCBAB85F230A040500B33A36 /* OffersViewController+PresenterDelagate.swift */; };
		CCC123B6230AEEFC0033BD18 /* OffersCell.swift in Sources */ = {isa = PBXBuildFile; fileRef = CCC123B4230AEEFC0033BD18 /* OffersCell.swift */; };
		CCC123B7230AEEFC0033BD18 /* OffersCell.xib in Resources */ = {isa = PBXBuildFile; fileRef = CCC123B5230AEEFC0033BD18 /* OffersCell.xib */; };
		CCE369AC230BFD57008CAC35 /* ContainerVC.swift in Sources */ = {isa = PBXBuildFile; fileRef = CCE369AB230BFD57008CAC35 /* ContainerVC.swift */; };
		CCE369B1230BFFB1008CAC35 /* CenterVCDelegate.swift in Sources */ = {isa = PBXBuildFile; fileRef = CCE369B0230BFFB1008CAC35 /* CenterVCDelegate.swift */; };
		CCF0C33622F5AE09003511CD /* RegisterViewController.swift in Sources */ = {isa = PBXBuildFile; fileRef = CCF0C33522F5AE09003511CD /* RegisterViewController.swift */; };
/* End PBXBuildFile section */

/* Begin PBXContainerItemProxy section */
		CC8695D422F4F54C00E9F14D /* PBXContainerItemProxy */ = {
			isa = PBXContainerItemProxy;
			containerPortal = CC8695B722F4F54B00E9F14D /* Project object */;
			proxyType = 1;
			remoteGlobalIDString = CC8695BE22F4F54B00E9F14D;
			remoteInfo = Luzaz;
		};
		CC8695DF22F4F54C00E9F14D /* PBXContainerItemProxy */ = {
			isa = PBXContainerItemProxy;
			containerPortal = CC8695B722F4F54B00E9F14D /* Project object */;
			proxyType = 1;
			remoteGlobalIDString = CC8695BE22F4F54B00E9F14D;
			remoteInfo = Luzaz;
		};
/* End PBXContainerItemProxy section */

/* Begin PBXFileReference section */
		100670FC2F7EE42B7821D67F /* Pods-Luzaz.debug.xcconfig */ = {isa = PBXFileReference; includeInIndex = 1; lastKnownFileType = text.xcconfig; name = "Pods-Luzaz.debug.xcconfig"; path = "Target Support Files/Pods-Luzaz/Pods-Luzaz.debug.xcconfig"; sourceTree = "<group>"; };
		4DF2B521000D8C5E179AD6D5 /* Pods-LuzazTests.debug.xcconfig */ = {isa = PBXFileReference; includeInIndex = 1; lastKnownFileType = text.xcconfig; name = "Pods-LuzazTests.debug.xcconfig"; path = "Target Support Files/Pods-LuzazTests/Pods-LuzazTests.debug.xcconfig"; sourceTree = "<group>"; };
		56BDBA5BF56B31B6330EC880 /* Pods-LuzazUITests.release.xcconfig */ = {isa = PBXFileReference; includeInIndex = 1; lastKnownFileType = text.xcconfig; name = "Pods-LuzazUITests.release.xcconfig"; path = "Target Support Files/Pods-LuzazUITests/Pods-LuzazUITests.release.xcconfig"; sourceTree = "<group>"; };
		8E56E4FA24B2B696BB1F3AFC /* Pods-LuzazUITests.debug.xcconfig */ = {isa = PBXFileReference; includeInIndex = 1; lastKnownFileType = text.xcconfig; name = "Pods-LuzazUITests.debug.xcconfig"; path = "Target Support Files/Pods-LuzazUITests/Pods-LuzazUITests.debug.xcconfig"; sourceTree = "<group>"; };
		A572FCD7502747F2B33B2A7B /* Pods_LuzazUITests.framework */ = {isa = PBXFileReference; explicitFileType = wrapper.framework; includeInIndex = 0; path = Pods_LuzazUITests.framework; sourceTree = BUILT_PRODUCTS_DIR; };
		CC05BEAD230AF8DA006CE43D /* OffersDetailsViewController.swift */ = {isa = PBXFileReference; fileEncoding = 4; lastKnownFileType = sourcecode.swift; path = OffersDetailsViewController.swift; sourceTree = "<group>"; };
		CC07BFAB2309C1F200E83B0D /* OffersView.swift */ = {isa = PBXFileReference; fileEncoding = 4; lastKnownFileType = sourcecode.swift; path = OffersView.swift; sourceTree = "<group>"; };
		CC07BFAD2309C21000E83B0D /* OffersCellView.swift */ = {isa = PBXFileReference; fileEncoding = 4; lastKnownFileType = sourcecode.swift; path = OffersCellView.swift; sourceTree = "<group>"; };
		CC07BFAF2309C23800E83B0D /* OffersPresenter.swift */ = {isa = PBXFileReference; fileEncoding = 4; lastKnownFileType = sourcecode.swift; path = OffersPresenter.swift; sourceTree = "<group>"; };
		CC1CE17E230B1CF500FCFFC0 /* Localizable.strings */ = {isa = PBXFileReference; fileEncoding = 4; lastKnownFileType = text.plist.strings; path = Localizable.strings; sourceTree = "<group>"; };
		CC2379ED2310A7D000923D59 /* LanguagesViewController.swift */ = {isa = PBXFileReference; fileEncoding = 4; lastKnownFileType = sourcecode.swift; path = LanguagesViewController.swift; sourceTree = "<group>"; };
		CC52DCFD23096F9C00981C31 /* OffersInteractor.swift */ = {isa = PBXFileReference; fileEncoding = 4; lastKnownFileType = sourcecode.swift; path = OffersInteractor.swift; sourceTree = "<group>"; };
		CC52DD00230970E900981C31 /* Offer.swift */ = {isa = PBXFileReference; fileEncoding = 4; lastKnownFileType = sourcecode.swift; path = Offer.swift; sourceTree = "<group>"; };
		CC6C6FEE230CF03D00D421CB /* OffersViewController+CellSpaceDelegate.swift */ = {isa = PBXFileReference; fileEncoding = 4; lastKnownFileType = sourcecode.swift; path = "OffersViewController+CellSpaceDelegate.swift"; sourceTree = "<group>"; };
		CC8365B1230869E000A71DFC /* LuzazRouter.swift */ = {isa = PBXFileReference; fileEncoding = 4; lastKnownFileType = sourcecode.swift; path = LuzazRouter.swift; sourceTree = "<group>"; };
		CC8365B3230869FC00A71DFC /* NetworkConstants.swift */ = {isa = PBXFileReference; fileEncoding = 4; lastKnownFileType = sourcecode.swift; path = NetworkConstants.swift; sourceTree = "<group>"; };
		CC8695BF22F4F54B00E9F14D /* Luzaz.app */ = {isa = PBXFileReference; explicitFileType = wrapper.application; includeInIndex = 0; path = Luzaz.app; sourceTree = BUILT_PRODUCTS_DIR; };
		CC8695C222F4F54B00E9F14D /* AppDelegate.swift */ = {isa = PBXFileReference; lastKnownFileType = sourcecode.swift; path = AppDelegate.swift; sourceTree = "<group>"; };
		CC8695C422F4F54B00E9F14D /* ViewController.swift */ = {isa = PBXFileReference; lastKnownFileType = sourcecode.swift; path = ViewController.swift; sourceTree = "<group>"; };
		CC8695C722F4F54B00E9F14D /* Base */ = {isa = PBXFileReference; lastKnownFileType = file.storyboard; name = Base; path = Base.lproj/Main.storyboard; sourceTree = "<group>"; };
		CC8695C922F4F54B00E9F14D /* Assets.xcassets */ = {isa = PBXFileReference; lastKnownFileType = folder.assetcatalog; path = Assets.xcassets; sourceTree = "<group>"; };
		CC8695CC22F4F54B00E9F14D /* Base */ = {isa = PBXFileReference; lastKnownFileType = file.storyboard; name = Base; path = Base.lproj/LaunchScreen.storyboard; sourceTree = "<group>"; };
		CC8695CE22F4F54B00E9F14D /* Info.plist */ = {isa = PBXFileReference; lastKnownFileType = text.plist.xml; path = Info.plist; sourceTree = "<group>"; };
		CC8695D322F4F54C00E9F14D /* LuzazTests.xctest */ = {isa = PBXFileReference; explicitFileType = wrapper.cfbundle; includeInIndex = 0; path = LuzazTests.xctest; sourceTree = BUILT_PRODUCTS_DIR; };
		CC8695D722F4F54C00E9F14D /* LuzazTests.swift */ = {isa = PBXFileReference; lastKnownFileType = sourcecode.swift; path = LuzazTests.swift; sourceTree = "<group>"; };
		CC8695D922F4F54C00E9F14D /* Info.plist */ = {isa = PBXFileReference; lastKnownFileType = text.plist.xml; path = Info.plist; sourceTree = "<group>"; };
		CC8695DE22F4F54C00E9F14D /* LuzazUITests.xctest */ = {isa = PBXFileReference; explicitFileType = wrapper.cfbundle; includeInIndex = 0; path = LuzazUITests.xctest; sourceTree = BUILT_PRODUCTS_DIR; };
		CC8695E222F4F54C00E9F14D /* LuzazUITests.swift */ = {isa = PBXFileReference; lastKnownFileType = sourcecode.swift; path = LuzazUITests.swift; sourceTree = "<group>"; };
		CC8695E422F4F54C00E9F14D /* Info.plist */ = {isa = PBXFileReference; lastKnownFileType = text.plist.xml; path = Info.plist; sourceTree = "<group>"; };
		CC8695F022F4F61C00E9F14D /* AllProductsUnderSubCategoriesViewController.swift */ = {isa = PBXFileReference; fileEncoding = 4; lastKnownFileType = sourcecode.swift; path = AllProductsUnderSubCategoriesViewController.swift; sourceTree = "<group>"; };
		CC8695F122F4F61C00E9F14D /* BrowseAdViewController.swift */ = {isa = PBXFileReference; fileEncoding = 4; lastKnownFileType = sourcecode.swift; path = BrowseAdViewController.swift; sourceTree = "<group>"; };
		CC8695F222F4F61C00E9F14D /* CategoriesLabelCollectionViewCell.swift */ = {isa = PBXFileReference; fileEncoding = 4; lastKnownFileType = sourcecode.swift; path = CategoriesLabelCollectionViewCell.swift; sourceTree = "<group>"; };
		CC8695F322F4F61C00E9F14D /* ChatViewController.swift */ = {isa = PBXFileReference; fileEncoding = 4; lastKnownFileType = sourcecode.swift; path = ChatViewController.swift; sourceTree = "<group>"; };
		CC8695F422F4F61C00E9F14D /* CollectionViewCellCategory.swift */ = {isa = PBXFileReference; fileEncoding = 4; lastKnownFileType = sourcecode.swift; path = CollectionViewCellCategory.swift; sourceTree = "<group>"; };
		CC8695F522F4F61C00E9F14D /* FavouriteIViewController.swift */ = {isa = PBXFileReference; fileEncoding = 4; lastKnownFileType = sourcecode.swift; path = FavouriteIViewController.swift; sourceTree = "<group>"; };
		CC8695F622F4F61C00E9F14D /* OffersViewController.swift */ = {isa = PBXFileReference; fileEncoding = 4; lastKnownFileType = sourcecode.swift; path = OffersViewController.swift; sourceTree = "<group>"; };
		CC8695F722F4F61C00E9F14D /* HomeViewController.swift */ = {isa = PBXFileReference; fileEncoding = 4; lastKnownFileType = sourcecode.swift; path = HomeViewController.swift; sourceTree = "<group>"; };
		CC8695F822F4F61C00E9F14D /* ImageCollectionViewCell.swift */ = {isa = PBXFileReference; fileEncoding = 4; lastKnownFileType = sourcecode.swift; path = ImageCollectionViewCell.swift; sourceTree = "<group>"; };
		CC8695F922F4F61C00E9F14D /* LoginViewController.swift */ = {isa = PBXFileReference; fileEncoding = 4; lastKnownFileType = sourcecode.swift; path = LoginViewController.swift; sourceTree = "<group>"; };
		CC8695FA22F4F61C00E9F14D /* MainCategoriesViewController.swift */ = {isa = PBXFileReference; fileEncoding = 4; lastKnownFileType = sourcecode.swift; path = MainCategoriesViewController.swift; sourceTree = "<group>"; };
		CC8695FC22F4F61C00E9F14D /* MyProductViewController.swift */ = {isa = PBXFileReference; fileEncoding = 4; lastKnownFileType = sourcecode.swift; path = MyProductViewController.swift; sourceTree = "<group>"; };
		CC8695FD22F4F61C00E9F14D /* PopUpCountryViewController.swift */ = {isa = PBXFileReference; fileEncoding = 4; lastKnownFileType = sourcecode.swift; path = PopUpCountryViewController.swift; sourceTree = "<group>"; };
		CC8695FE22F4F61C00E9F14D /* PopUpLanguguesViewController.swift */ = {isa = PBXFileReference; fileEncoding = 4; lastKnownFileType = sourcecode.swift; path = PopUpLanguguesViewController.swift; sourceTree = "<group>"; };
		CC8695FF22F4F61C00E9F14D /* ProductScreendetailsViewController.swift */ = {isa = PBXFileReference; fileEncoding = 4; lastKnownFileType = sourcecode.swift; path = ProductScreendetailsViewController.swift; sourceTree = "<group>"; };
		CC86960022F4F61C00E9F14D /* ProductViewController.swift */ = {isa = PBXFileReference; fileEncoding = 4; lastKnownFileType = sourcecode.swift; path = ProductViewController.swift; sourceTree = "<group>"; };
		CC86960122F4F61C00E9F14D /* RegisterationStatusViewController.swift */ = {isa = PBXFileReference; fileEncoding = 4; lastKnownFileType = sourcecode.swift; path = RegisterationStatusViewController.swift; sourceTree = "<group>"; };
		CC86960222F4F61C00E9F14D /* SellYourItemEndViewController.swift */ = {isa = PBXFileReference; fileEncoding = 4; lastKnownFileType = sourcecode.swift; path = SellYourItemEndViewController.swift; sourceTree = "<group>"; };
		CC86960322F4F61C00E9F14D /* SellYourItemFifthViewController.swift */ = {isa = PBXFileReference; fileEncoding = 4; lastKnownFileType = sourcecode.swift; path = SellYourItemFifthViewController.swift; sourceTree = "<group>"; };
		CC86960422F4F61C00E9F14D /* SellYourItemFourthViewController.swift */ = {isa = PBXFileReference; fileEncoding = 4; lastKnownFileType = sourcecode.swift; path = SellYourItemFourthViewController.swift; sourceTree = "<group>"; };
		CC86960522F4F61C00E9F14D /* SellYourItemSecondViewController.swift */ = {isa = PBXFileReference; fileEncoding = 4; lastKnownFileType = sourcecode.swift; path = SellYourItemSecondViewController.swift; sourceTree = "<group>"; };
		CC86960622F4F61C00E9F14D /* SellYourItemViewController.swift */ = {isa = PBXFileReference; fileEncoding = 4; lastKnownFileType = sourcecode.swift; path = SellYourItemViewController.swift; sourceTree = "<group>"; };
		CC86960722F4F61C00E9F14D /* SubCategoriesViewController.swift */ = {isa = PBXFileReference; fileEncoding = 4; lastKnownFileType = sourcecode.swift; path = SubCategoriesViewController.swift; sourceTree = "<group>"; };
		CC86960822F4F61C00E9F14D /* TetViewController.swift */ = {isa = PBXFileReference; fileEncoding = 4; lastKnownFileType = sourcecode.swift; path = TetViewController.swift; sourceTree = "<group>"; };
		CC8E91EE23116F0900F82AB2 /* LeftSidePanelVC.swift */ = {isa = PBXFileReference; fileEncoding = 4; lastKnownFileType = sourcecode.swift; path = LeftSidePanelVC.swift; sourceTree = "<group>"; };
		CC9482E6230F7D3D0058D78A /* CountriesViewController.swift */ = {isa = PBXFileReference; fileEncoding = 4; lastKnownFileType = sourcecode.swift; path = CountriesViewController.swift; sourceTree = "<group>"; };
		CC9482E9230F7F020058D78A /* CountryTableViewCell.swift */ = {isa = PBXFileReference; fileEncoding = 4; lastKnownFileType = sourcecode.swift; path = CountryTableViewCell.swift; sourceTree = "<group>"; };
		CC9482EA230F7F020058D78A /* CountryTableViewCell.xib */ = {isa = PBXFileReference; fileEncoding = 4; lastKnownFileType = file.xib; path = CountryTableViewCell.xib; sourceTree = "<group>"; };
		CC9482EE230F805A0058D78A /* CountryPresenter.swift */ = {isa = PBXFileReference; fileEncoding = 4; lastKnownFileType = sourcecode.swift; path = CountryPresenter.swift; sourceTree = "<group>"; };
		CC9482F0230F81400058D78A /* Country.swift */ = {isa = PBXFileReference; fileEncoding = 4; lastKnownFileType = sourcecode.swift; path = Country.swift; sourceTree = "<group>"; };
		CC9482F3230F82D10058D78A /* CountryCellView.swift */ = {isa = PBXFileReference; fileEncoding = 4; lastKnownFileType = sourcecode.swift; path = CountryCellView.swift; sourceTree = "<group>"; };
		CC9482F5230F84C10058D78A /* CountryView.swift */ = {isa = PBXFileReference; fileEncoding = 4; lastKnownFileType = sourcecode.swift; path = CountryView.swift; sourceTree = "<group>"; };
		CC9F8FB022F6162A00B86648 /* Media.xcassets */ = {isa = PBXFileReference; lastKnownFileType = folder.assetcatalog; name = Media.xcassets; path = "../../../Downloads/Luzaz 5/Luzaz/Media.xcassets"; sourceTree = "<group>"; };
		CCBAB85F230A040500B33A36 /* OffersViewController+PresenterDelagate.swift */ = {isa = PBXFileReference; fileEncoding = 4; lastKnownFileType = sourcecode.swift; path = "OffersViewController+PresenterDelagate.swift"; sourceTree = "<group>"; };
		CCC123B4230AEEFC0033BD18 /* OffersCell.swift */ = {isa = PBXFileReference; fileEncoding = 4; lastKnownFileType = sourcecode.swift; path = OffersCell.swift; sourceTree = "<group>"; };
		CCC123B5230AEEFC0033BD18 /* OffersCell.xib */ = {isa = PBXFileReference; fileEncoding = 4; lastKnownFileType = file.xib; path = OffersCell.xib; sourceTree = "<group>"; };
		CCE369AB230BFD57008CAC35 /* ContainerVC.swift */ = {isa = PBXFileReference; fileEncoding = 4; lastKnownFileType = sourcecode.swift; path = ContainerVC.swift; sourceTree = "<group>"; };
		CCE369B0230BFFB1008CAC35 /* CenterVCDelegate.swift */ = {isa = PBXFileReference; fileEncoding = 4; lastKnownFileType = sourcecode.swift; path = CenterVCDelegate.swift; sourceTree = "<group>"; };
		CCF0C33522F5AE09003511CD /* RegisterViewController.swift */ = {isa = PBXFileReference; fileEncoding = 4; lastKnownFileType = sourcecode.swift; path = RegisterViewController.swift; sourceTree = "<group>"; };
		D247A977BEF427E2F2481396 /* Pods_LuzazTests.framework */ = {isa = PBXFileReference; explicitFileType = wrapper.framework; includeInIndex = 0; path = Pods_LuzazTests.framework; sourceTree = BUILT_PRODUCTS_DIR; };
		E34F3A2E495180620BBEA816 /* Pods-LuzazTests.release.xcconfig */ = {isa = PBXFileReference; includeInIndex = 1; lastKnownFileType = text.xcconfig; name = "Pods-LuzazTests.release.xcconfig"; path = "Target Support Files/Pods-LuzazTests/Pods-LuzazTests.release.xcconfig"; sourceTree = "<group>"; };
		E8EBA106D88C342C3A092D61 /* Pods_Luzaz.framework */ = {isa = PBXFileReference; explicitFileType = wrapper.framework; includeInIndex = 0; path = Pods_Luzaz.framework; sourceTree = BUILT_PRODUCTS_DIR; };
		FD9E23ED21F7DA46284A61F3 /* Pods-Luzaz.release.xcconfig */ = {isa = PBXFileReference; includeInIndex = 1; lastKnownFileType = text.xcconfig; name = "Pods-Luzaz.release.xcconfig"; path = "Target Support Files/Pods-Luzaz/Pods-Luzaz.release.xcconfig"; sourceTree = "<group>"; };
/* End PBXFileReference section */

/* Begin PBXFrameworksBuildPhase section */
		CC8695BC22F4F54B00E9F14D /* Frameworks */ = {
			isa = PBXFrameworksBuildPhase;
			buildActionMask = 2147483647;
			files = (
				37519FBFD3D8A2D3F8B11DF8 /* Pods_Luzaz.framework in Frameworks */,
			);
			runOnlyForDeploymentPostprocessing = 0;
		};
		CC8695D022F4F54C00E9F14D /* Frameworks */ = {
			isa = PBXFrameworksBuildPhase;
			buildActionMask = 2147483647;
			files = (
				2C56528155AF5CA19D92F859 /* Pods_LuzazTests.framework in Frameworks */,
			);
			runOnlyForDeploymentPostprocessing = 0;
		};
		CC8695DB22F4F54C00E9F14D /* Frameworks */ = {
			isa = PBXFrameworksBuildPhase;
			buildActionMask = 2147483647;
			files = (
				75FA5624498EF303E4A5E88E /* Pods_LuzazUITests.framework in Frameworks */,
			);
			runOnlyForDeploymentPostprocessing = 0;
		};
/* End PBXFrameworksBuildPhase section */

/* Begin PBXGroup section */
		A6BCC2E1C359FB1EF78F17DA /* Pods */ = {
			isa = PBXGroup;
			children = (
				100670FC2F7EE42B7821D67F /* Pods-Luzaz.debug.xcconfig */,
				FD9E23ED21F7DA46284A61F3 /* Pods-Luzaz.release.xcconfig */,
				4DF2B521000D8C5E179AD6D5 /* Pods-LuzazTests.debug.xcconfig */,
				E34F3A2E495180620BBEA816 /* Pods-LuzazTests.release.xcconfig */,
				8E56E4FA24B2B696BB1F3AFC /* Pods-LuzazUITests.debug.xcconfig */,
				56BDBA5BF56B31B6330EC880 /* Pods-LuzazUITests.release.xcconfig */,
			);
			path = Pods;
			sourceTree = "<group>";
		};
		ACC209B9EF0EA9ACF910A13A /* Frameworks */ = {
			isa = PBXGroup;
			children = (
				E8EBA106D88C342C3A092D61 /* Pods_Luzaz.framework */,
				D247A977BEF427E2F2481396 /* Pods_LuzazTests.framework */,
				A572FCD7502747F2B33B2A7B /* Pods_LuzazUITests.framework */,
			);
			name = Frameworks;
			sourceTree = "<group>";
		};
		CC07BFAA2309C1B900E83B0D /* Presenter */ = {
			isa = PBXGroup;
			children = (
				CC07BFAB2309C1F200E83B0D /* OffersView.swift */,
				CC07BFAD2309C21000E83B0D /* OffersCellView.swift */,
				CC07BFAF2309C23800E83B0D /* OffersPresenter.swift */,
				CCBAB85F230A040500B33A36 /* OffersViewController+PresenterDelagate.swift */,
			);
			name = Presenter;
			sourceTree = "<group>";
		};
		CC07BFB52309C3D700E83B0D /* CollectionViewCell */ = {
			isa = PBXGroup;
			children = (
				CCC123B4230AEEFC0033BD18 /* OffersCell.swift */,
				CCC123B5230AEEFC0033BD18 /* OffersCell.xib */,
			);
			name = CollectionViewCell;
			sourceTree = "<group>";
		};
		CC2379EC2310A79200923D59 /* Languages */ = {
			isa = PBXGroup;
			children = (
				CC2379ED2310A7D000923D59 /* LanguagesViewController.swift */,
			);
			name = Languages;
			sourceTree = "<group>";
		};
		CC52DCFA23096C9900981C31 /* Scenes */ = {
			isa = PBXGroup;
			children = (
				CC2379EC2310A79200923D59 /* Languages */,
				CC9482E5230F7D020058D78A /* Countries */,
				CCE369AF230BFF8A008CAC35 /* LeftSidePanel */,
				CC52DCFB23096CF000981C31 /* Offers */,
			);
			name = Scenes;
			sourceTree = "<group>";
		};
		CC52DCFB23096CF000981C31 /* Offers */ = {
			isa = PBXGroup;
			children = (
				CC8695F622F4F61C00E9F14D /* OffersViewController.swift */,
				CC05BEAD230AF8DA006CE43D /* OffersDetailsViewController.swift */,
				CC07BFB52309C3D700E83B0D /* CollectionViewCell */,
				CC07BFAA2309C1B900E83B0D /* Presenter */,
				CC52DCFC23096F6500981C31 /* Interactor */,
				CC6C6FEE230CF03D00D421CB /* OffersViewController+CellSpaceDelegate.swift */,
			);
			name = Offers;
			sourceTree = "<group>";
		};
		CC52DCFC23096F6500981C31 /* Interactor */ = {
			isa = PBXGroup;
			children = (
				CC52DCFD23096F9C00981C31 /* OffersInteractor.swift */,
			);
			name = Interactor;
			sourceTree = "<group>";
		};
		CC52DCFF230970DA00981C31 /* Model */ = {
			isa = PBXGroup;
			children = (
				CC52DD00230970E900981C31 /* Offer.swift */,
				CC9482F0230F81400058D78A /* Country.swift */,
			);
			name = Model;
			sourceTree = "<group>";
		};
		CC8365B0230869C300A71DFC /* Network */ = {
			isa = PBXGroup;
			children = (
				CC8365B1230869E000A71DFC /* LuzazRouter.swift */,
				CC8365B3230869FC00A71DFC /* NetworkConstants.swift */,
			);
			name = Network;
			sourceTree = "<group>";
		};
		CC8695B622F4F54B00E9F14D = {
			isa = PBXGroup;
			children = (
				CC8695C122F4F54B00E9F14D /* Luzaz */,
				CC8695D622F4F54C00E9F14D /* LuzazTests */,
				CC8695E122F4F54C00E9F14D /* LuzazUITests */,
				CC8695C022F4F54B00E9F14D /* Products */,
				A6BCC2E1C359FB1EF78F17DA /* Pods */,
				ACC209B9EF0EA9ACF910A13A /* Frameworks */,
			);
			sourceTree = "<group>";
		};
		CC8695C022F4F54B00E9F14D /* Products */ = {
			isa = PBXGroup;
			children = (
				CC8695BF22F4F54B00E9F14D /* Luzaz.app */,
				CC8695D322F4F54C00E9F14D /* LuzazTests.xctest */,
				CC8695DE22F4F54C00E9F14D /* LuzazUITests.xctest */,
			);
			name = Products;
			sourceTree = "<group>";
		};
		CC8695C122F4F54B00E9F14D /* Luzaz */ = {
			isa = PBXGroup;
			children = (
				CC52DCFF230970DA00981C31 /* Model */,
				CC52DCFA23096C9900981C31 /* Scenes */,
				CC8365B0230869C300A71DFC /* Network */,
				CC8695F022F4F61C00E9F14D /* AllProductsUnderSubCategoriesViewController.swift */,
				CC8695F122F4F61C00E9F14D /* BrowseAdViewController.swift */,
				CC8695F222F4F61C00E9F14D /* CategoriesLabelCollectionViewCell.swift */,
				CC8695F322F4F61C00E9F14D /* ChatViewController.swift */,
				CC8695F422F4F61C00E9F14D /* CollectionViewCellCategory.swift */,
				CC8695F522F4F61C00E9F14D /* FavouriteIViewController.swift */,
				CC8695F722F4F61C00E9F14D /* HomeViewController.swift */,
				CC8695F822F4F61C00E9F14D /* ImageCollectionViewCell.swift */,
				CC8695F922F4F61C00E9F14D /* LoginViewController.swift */,
				CC8695FA22F4F61C00E9F14D /* MainCategoriesViewController.swift */,
				CC8695FC22F4F61C00E9F14D /* MyProductViewController.swift */,
				CC8695FD22F4F61C00E9F14D /* PopUpCountryViewController.swift */,
				CC8695FE22F4F61C00E9F14D /* PopUpLanguguesViewController.swift */,
				CC8695FF22F4F61C00E9F14D /* ProductScreendetailsViewController.swift */,
				CC86960022F4F61C00E9F14D /* ProductViewController.swift */,
				CC86960122F4F61C00E9F14D /* RegisterationStatusViewController.swift */,
				CC86960222F4F61C00E9F14D /* SellYourItemEndViewController.swift */,
				CC86960322F4F61C00E9F14D /* SellYourItemFifthViewController.swift */,
				CC86960422F4F61C00E9F14D /* SellYourItemFourthViewController.swift */,
				CC86960522F4F61C00E9F14D /* SellYourItemSecondViewController.swift */,
				CC86960622F4F61C00E9F14D /* SellYourItemViewController.swift */,
				CC86960722F4F61C00E9F14D /* SubCategoriesViewController.swift */,
				CC86960822F4F61C00E9F14D /* TetViewController.swift */,
				CC8695C222F4F54B00E9F14D /* AppDelegate.swift */,
				CC8695C422F4F54B00E9F14D /* ViewController.swift */,
				CC8695C622F4F54B00E9F14D /* Main.storyboard */,
				CC9F8FB022F6162A00B86648 /* Media.xcassets */,
				CC8695C922F4F54B00E9F14D /* Assets.xcassets */,
				CC8695CB22F4F54B00E9F14D /* LaunchScreen.storyboard */,
				CC8695CE22F4F54B00E9F14D /* Info.plist */,
				CCF0C33522F5AE09003511CD /* RegisterViewController.swift */,
				CC1CE17E230B1CF500FCFFC0 /* Localizable.strings */,
			);
			path = Luzaz;
			sourceTree = "<group>";
		};
		CC8695D622F4F54C00E9F14D /* LuzazTests */ = {
			isa = PBXGroup;
			children = (
				CC8695D722F4F54C00E9F14D /* LuzazTests.swift */,
				CC8695D922F4F54C00E9F14D /* Info.plist */,
			);
			path = LuzazTests;
			sourceTree = "<group>";
		};
		CC8695E122F4F54C00E9F14D /* LuzazUITests */ = {
			isa = PBXGroup;
			children = (
				CC8695E222F4F54C00E9F14D /* LuzazUITests.swift */,
				CC8695E422F4F54C00E9F14D /* Info.plist */,
			);
			path = LuzazUITests;
			sourceTree = "<group>";
		};
		CC9482E5230F7D020058D78A /* Countries */ = {
			isa = PBXGroup;
			children = (
				CC9482ED230F7FD70058D78A /* Presenter */,
				CC9482E8230F7EA90058D78A /* TableViewCell */,
				CC9482E6230F7D3D0058D78A /* CountriesViewController.swift */,
			);
			name = Countries;
			sourceTree = "<group>";
		};
		CC9482E8230F7EA90058D78A /* TableViewCell */ = {
			isa = PBXGroup;
			children = (
				CC9482E9230F7F020058D78A /* CountryTableViewCell.swift */,
				CC9482EA230F7F020058D78A /* CountryTableViewCell.xib */,
			);
			name = TableViewCell;
			sourceTree = "<group>";
		};
		CC9482ED230F7FD70058D78A /* Presenter */ = {
			isa = PBXGroup;
			children = (
				CC9482F2230F82B00058D78A /* Protocol */,
				CC9482EE230F805A0058D78A /* CountryPresenter.swift */,
			);
			name = Presenter;
			sourceTree = "<group>";
		};
		CC9482F2230F82B00058D78A /* Protocol */ = {
			isa = PBXGroup;
			children = (
				CC9482F3230F82D10058D78A /* CountryCellView.swift */,
				CC9482F5230F84C10058D78A /* CountryView.swift */,
			);
			name = Protocol;
			sourceTree = "<group>";
		};
		CCE369AF230BFF8A008CAC35 /* LeftSidePanel */ = {
			isa = PBXGroup;
			children = (
				CC8E91EE23116F0900F82AB2 /* LeftSidePanelVC.swift */,
				CCE369AB230BFD57008CAC35 /* ContainerVC.swift */,
				CCE369B0230BFFB1008CAC35 /* CenterVCDelegate.swift */,
			);
			name = LeftSidePanel;
			sourceTree = "<group>";
		};
/* End PBXGroup section */

/* Begin PBXNativeTarget section */
		CC8695BE22F4F54B00E9F14D /* Luzaz */ = {
			isa = PBXNativeTarget;
			buildConfigurationList = CC8695E722F4F54C00E9F14D /* Build configuration list for PBXNativeTarget "Luzaz" */;
			buildPhases = (
				532419CFD342C349FC3493AF /* [CP] Check Pods Manifest.lock */,
				CC8695BB22F4F54B00E9F14D /* Sources */,
				CC8695BC22F4F54B00E9F14D /* Frameworks */,
				CC8695BD22F4F54B00E9F14D /* Resources */,
				2E8B2E41BB2A27CE17496EB1 /* [CP] Embed Pods Frameworks */,
			);
			buildRules = (
			);
			dependencies = (
			);
			name = Luzaz;
			productName = Luzaz;
			productReference = CC8695BF22F4F54B00E9F14D /* Luzaz.app */;
			productType = "com.apple.product-type.application";
		};
		CC8695D222F4F54C00E9F14D /* LuzazTests */ = {
			isa = PBXNativeTarget;
			buildConfigurationList = CC8695EA22F4F54C00E9F14D /* Build configuration list for PBXNativeTarget "LuzazTests" */;
			buildPhases = (
				26CCF250F3FDD24228761D31 /* [CP] Check Pods Manifest.lock */,
				CC8695CF22F4F54C00E9F14D /* Sources */,
				CC8695D022F4F54C00E9F14D /* Frameworks */,
				CC8695D122F4F54C00E9F14D /* Resources */,
			);
			buildRules = (
			);
			dependencies = (
				CC8695D522F4F54C00E9F14D /* PBXTargetDependency */,
			);
			name = LuzazTests;
			productName = LuzazTests;
			productReference = CC8695D322F4F54C00E9F14D /* LuzazTests.xctest */;
			productType = "com.apple.product-type.bundle.unit-test";
		};
		CC8695DD22F4F54C00E9F14D /* LuzazUITests */ = {
			isa = PBXNativeTarget;
			buildConfigurationList = CC8695ED22F4F54C00E9F14D /* Build configuration list for PBXNativeTarget "LuzazUITests" */;
			buildPhases = (
				5D7A3125A50AD0512818009D /* [CP] Check Pods Manifest.lock */,
				CC8695DA22F4F54C00E9F14D /* Sources */,
				CC8695DB22F4F54C00E9F14D /* Frameworks */,
				CC8695DC22F4F54C00E9F14D /* Resources */,
			);
			buildRules = (
			);
			dependencies = (
				CC8695E022F4F54C00E9F14D /* PBXTargetDependency */,
			);
			name = LuzazUITests;
			productName = LuzazUITests;
			productReference = CC8695DE22F4F54C00E9F14D /* LuzazUITests.xctest */;
			productType = "com.apple.product-type.bundle.ui-testing";
		};
/* End PBXNativeTarget section */

/* Begin PBXProject section */
		CC8695B722F4F54B00E9F14D /* Project object */ = {
			isa = PBXProject;
			attributes = {
				LastSwiftUpdateCheck = 0820;
				LastUpgradeCheck = 0820;
				ORGANIZATIONNAME = Luzaz;
				TargetAttributes = {
					CC8695BE22F4F54B00E9F14D = {
						CreatedOnToolsVersion = 8.2.1;
						ProvisioningStyle = Automatic;
					};
					CC8695D222F4F54C00E9F14D = {
						CreatedOnToolsVersion = 8.2.1;
						ProvisioningStyle = Automatic;
						TestTargetID = CC8695BE22F4F54B00E9F14D;
					};
					CC8695DD22F4F54C00E9F14D = {
						CreatedOnToolsVersion = 8.2.1;
						ProvisioningStyle = Automatic;
						TestTargetID = CC8695BE22F4F54B00E9F14D;
					};
				};
			};
			buildConfigurationList = CC8695BA22F4F54B00E9F14D /* Build configuration list for PBXProject "Luzaz" */;
			compatibilityVersion = "Xcode 3.2";
			developmentRegion = English;
			hasScannedForEncodings = 0;
			knownRegions = (
				en,
				Base,
			);
			mainGroup = CC8695B622F4F54B00E9F14D;
			productRefGroup = CC8695C022F4F54B00E9F14D /* Products */;
			projectDirPath = "";
			projectRoot = "";
			targets = (
				CC8695BE22F4F54B00E9F14D /* Luzaz */,
				CC8695D222F4F54C00E9F14D /* LuzazTests */,
				CC8695DD22F4F54C00E9F14D /* LuzazUITests */,
			);
		};
/* End PBXProject section */

/* Begin PBXResourcesBuildPhase section */
		CC8695BD22F4F54B00E9F14D /* Resources */ = {
			isa = PBXResourcesBuildPhase;
			buildActionMask = 2147483647;
			files = (
				CC9482EC230F7F020058D78A /* CountryTableViewCell.xib in Resources */,
				CC8695CD22F4F54B00E9F14D /* LaunchScreen.storyboard in Resources */,
				CC1CE17F230B1CF500FCFFC0 /* Localizable.strings in Resources */,
				CCC123B7230AEEFC0033BD18 /* OffersCell.xib in Resources */,
				CC8695CA22F4F54B00E9F14D /* Assets.xcassets in Resources */,
				CC9F8FB122F6162A00B86648 /* Media.xcassets in Resources */,
				CC8695C822F4F54B00E9F14D /* Main.storyboard in Resources */,
			);
			runOnlyForDeploymentPostprocessing = 0;
		};
		CC8695D122F4F54C00E9F14D /* Resources */ = {
			isa = PBXResourcesBuildPhase;
			buildActionMask = 2147483647;
			files = (
			);
			runOnlyForDeploymentPostprocessing = 0;
		};
		CC8695DC22F4F54C00E9F14D /* Resources */ = {
			isa = PBXResourcesBuildPhase;
			buildActionMask = 2147483647;
			files = (
			);
			runOnlyForDeploymentPostprocessing = 0;
		};
/* End PBXResourcesBuildPhase section */

/* Begin PBXShellScriptBuildPhase section */
		26CCF250F3FDD24228761D31 /* [CP] Check Pods Manifest.lock */ = {
			isa = PBXShellScriptBuildPhase;
			buildActionMask = 2147483647;
			files = (
			);
			inputPaths = (
				"${PODS_PODFILE_DIR_PATH}/Podfile.lock",
				"${PODS_ROOT}/Manifest.lock",
			);
			name = "[CP] Check Pods Manifest.lock";
			outputPaths = (
				"$(DERIVED_FILE_DIR)/Pods-LuzazTests-checkManifestLockResult.txt",
			);
			runOnlyForDeploymentPostprocessing = 0;
			shellPath = /bin/sh;
			shellScript = "diff \"${PODS_PODFILE_DIR_PATH}/Podfile.lock\" \"${PODS_ROOT}/Manifest.lock\" > /dev/null\nif [ $? != 0 ] ; then\n    # print error to STDERR\n    echo \"error: The sandbox is not in sync with the Podfile.lock. Run 'pod install' or update your CocoaPods installation.\" >&2\n    exit 1\nfi\n# This output is used by Xcode 'outputs' to avoid re-running this script phase.\necho \"SUCCESS\" > \"${SCRIPT_OUTPUT_FILE_0}\"\n";
			showEnvVarsInLog = 0;
		};
		2E8B2E41BB2A27CE17496EB1 /* [CP] Embed Pods Frameworks */ = {
			isa = PBXShellScriptBuildPhase;
			buildActionMask = 2147483647;
			files = (
			);
			inputPaths = (
				"${PODS_ROOT}/Target Support Files/Pods-Luzaz/Pods-Luzaz-frameworks.sh",
				"${BUILT_PRODUCTS_DIR}/Alamofire/Alamofire.framework",
				"${BUILT_PRODUCTS_DIR}/AlamofireObjectMapper/AlamofireObjectMapper.framework",
				"${BUILT_PRODUCTS_DIR}/ObjectMapper/ObjectMapper.framework",
				"${BUILT_PRODUCTS_DIR}/SDWebImage/SDWebImage.framework",
				"${BUILT_PRODUCTS_DIR}/SwiftyJSON/SwiftyJSON.framework",
			);
			name = "[CP] Embed Pods Frameworks";
			outputPaths = (
				"${TARGET_BUILD_DIR}/${FRAMEWORKS_FOLDER_PATH}/Alamofire.framework",
				"${TARGET_BUILD_DIR}/${FRAMEWORKS_FOLDER_PATH}/AlamofireObjectMapper.framework",
				"${TARGET_BUILD_DIR}/${FRAMEWORKS_FOLDER_PATH}/ObjectMapper.framework",
				"${TARGET_BUILD_DIR}/${FRAMEWORKS_FOLDER_PATH}/SDWebImage.framework",
				"${TARGET_BUILD_DIR}/${FRAMEWORKS_FOLDER_PATH}/SwiftyJSON.framework",
			);
			runOnlyForDeploymentPostprocessing = 0;
			shellPath = /bin/sh;
			shellScript = "\"${PODS_ROOT}/Target Support Files/Pods-Luzaz/Pods-Luzaz-frameworks.sh\"\n";
			showEnvVarsInLog = 0;
		};
		532419CFD342C349FC3493AF /* [CP] Check Pods Manifest.lock */ = {
			isa = PBXShellScriptBuildPhase;
			buildActionMask = 2147483647;
			files = (
			);
			inputPaths = (
				"${PODS_PODFILE_DIR_PATH}/Podfile.lock",
				"${PODS_ROOT}/Manifest.lock",
			);
			name = "[CP] Check Pods Manifest.lock";
			outputPaths = (
				"$(DERIVED_FILE_DIR)/Pods-Luzaz-checkManifestLockResult.txt",
			);
			runOnlyForDeploymentPostprocessing = 0;
			shellPath = /bin/sh;
			shellScript = "diff \"${PODS_PODFILE_DIR_PATH}/Podfile.lock\" \"${PODS_ROOT}/Manifest.lock\" > /dev/null\nif [ $? != 0 ] ; then\n    # print error to STDERR\n    echo \"error: The sandbox is not in sync with the Podfile.lock. Run 'pod install' or update your CocoaPods installation.\" >&2\n    exit 1\nfi\n# This output is used by Xcode 'outputs' to avoid re-running this script phase.\necho \"SUCCESS\" > \"${SCRIPT_OUTPUT_FILE_0}\"\n";
			showEnvVarsInLog = 0;
		};
		5D7A3125A50AD0512818009D /* [CP] Check Pods Manifest.lock */ = {
			isa = PBXShellScriptBuildPhase;
			buildActionMask = 2147483647;
			files = (
			);
			inputPaths = (
				"${PODS_PODFILE_DIR_PATH}/Podfile.lock",
				"${PODS_ROOT}/Manifest.lock",
			);
			name = "[CP] Check Pods Manifest.lock";
			outputPaths = (
				"$(DERIVED_FILE_DIR)/Pods-LuzazUITests-checkManifestLockResult.txt",
			);
			runOnlyForDeploymentPostprocessing = 0;
			shellPath = /bin/sh;
			shellScript = "diff \"${PODS_PODFILE_DIR_PATH}/Podfile.lock\" \"${PODS_ROOT}/Manifest.lock\" > /dev/null\nif [ $? != 0 ] ; then\n    # print error to STDERR\n    echo \"error: The sandbox is not in sync with the Podfile.lock. Run 'pod install' or update your CocoaPods installation.\" >&2\n    exit 1\nfi\n# This output is used by Xcode 'outputs' to avoid re-running this script phase.\necho \"SUCCESS\" > \"${SCRIPT_OUTPUT_FILE_0}\"\n";
			showEnvVarsInLog = 0;
		};
/* End PBXShellScriptBuildPhase section */

/* Begin PBXSourcesBuildPhase section */
		CC8695BB22F4F54B00E9F14D /* Sources */ = {
			isa = PBXSourcesBuildPhase;
			buildActionMask = 2147483647;
			files = (
				CC86961222F4F61C00E9F14D /* LoginViewController.swift in Sources */,
				CC86961A22F4F61C00E9F14D /* RegisterationStatusViewController.swift in Sources */,
				CC9482F4230F82D10058D78A /* CountryCellView.swift in Sources */,
				CC9482F6230F84C10058D78A /* CountryView.swift in Sources */,
				CC9482EF230F805A0058D78A /* CountryPresenter.swift in Sources */,
				CC9482E7230F7D3D0058D78A /* CountriesViewController.swift in Sources */,
				CC8695C522F4F54B00E9F14D /* ViewController.swift in Sources */,
				CC86961722F4F61C00E9F14D /* PopUpLanguguesViewController.swift in Sources */,
				CC8365B2230869E000A71DFC /* LuzazRouter.swift in Sources */,
				CC8E91EF23116F0900F82AB2 /* LeftSidePanelVC.swift in Sources */,
				CC6C6FEF230CF03D00D421CB /* OffersViewController+CellSpaceDelegate.swift in Sources */,
				CC86961822F4F61C00E9F14D /* ProductScreendetailsViewController.swift in Sources */,
				CC86961122F4F61C00E9F14D /* ImageCollectionViewCell.swift in Sources */,
				CC86961622F4F61C00E9F14D /* PopUpCountryViewController.swift in Sources */,
				CCE369AC230BFD57008CAC35 /* ContainerVC.swift in Sources */,
				CC2379EE2310A7D000923D59 /* LanguagesViewController.swift in Sources */,
				CC52DD01230970E900981C31 /* Offer.swift in Sources */,
				CC86960D22F4F61C00E9F14D /* CollectionViewCellCategory.swift in Sources */,
				CCE369B1230BFFB1008CAC35 /* CenterVCDelegate.swift in Sources */,
				CC07BFAE2309C21000E83B0D /* OffersCellView.swift in Sources */,
				CC86960A22F4F61C00E9F14D /* BrowseAdViewController.swift in Sources */,
				CC07BFB02309C23800E83B0D /* OffersPresenter.swift in Sources */,
				CC86961D22F4F61C00E9F14D /* SellYourItemFourthViewController.swift in Sources */,
				CC8365B4230869FC00A71DFC /* NetworkConstants.swift in Sources */,
				CC8695C322F4F54B00E9F14D /* AppDelegate.swift in Sources */,
				CC9482F1230F81400058D78A /* Country.swift in Sources */,
				CCBAB860230A040500B33A36 /* OffersViewController+PresenterDelagate.swift in Sources */,
				CC86961B22F4F61C00E9F14D /* SellYourItemEndViewController.swift in Sources */,
				CC86960922F4F61C00E9F14D /* AllProductsUnderSubCategoriesViewController.swift in Sources */,
				CC86961022F4F61C00E9F14D /* HomeViewController.swift in Sources */,
				CC86960C22F4F61C00E9F14D /* ChatViewController.swift in Sources */,
				CC86961522F4F61C00E9F14D /* MyProductViewController.swift in Sources */,
				CC86960E22F4F61C00E9F14D /* FavouriteIViewController.swift in Sources */,
				CC86961E22F4F61C00E9F14D /* SellYourItemSecondViewController.swift in Sources */,
				CC86961F22F4F61C00E9F14D /* SellYourItemViewController.swift in Sources */,
				CC86961322F4F61C00E9F14D /* MainCategoriesViewController.swift in Sources */,
				CC86961922F4F61C00E9F14D /* ProductViewController.swift in Sources */,
				CC86960B22F4F61C00E9F14D /* CategoriesLabelCollectionViewCell.swift in Sources */,
				CCF0C33622F5AE09003511CD /* RegisterViewController.swift in Sources */,
				CC05BEAE230AF8DA006CE43D /* OffersDetailsViewController.swift in Sources */,
				CC07BFAC2309C1F200E83B0D /* OffersView.swift in Sources */,
				CC52DCFE23096F9C00981C31 /* OffersInteractor.swift in Sources */,
				CCC123B6230AEEFC0033BD18 /* OffersCell.swift in Sources */,
				CC86961C22F4F61C00E9F14D /* SellYourItemFifthViewController.swift in Sources */,
				CC9482EB230F7F020058D78A /* CountryTableViewCell.swift in Sources */,
				CC86960F22F4F61C00E9F14D /* OffersViewController.swift in Sources */,
				CC86962122F4F61C00E9F14D /* TetViewController.swift in Sources */,
				CC86962022F4F61C00E9F14D /* SubCategoriesViewController.swift in Sources */,
			);
			runOnlyForDeploymentPostprocessing = 0;
		};
		CC8695CF22F4F54C00E9F14D /* Sources */ = {
			isa = PBXSourcesBuildPhase;
			buildActionMask = 2147483647;
			files = (
				CC8695D822F4F54C00E9F14D /* LuzazTests.swift in Sources */,
			);
			runOnlyForDeploymentPostprocessing = 0;
		};
		CC8695DA22F4F54C00E9F14D /* Sources */ = {
			isa = PBXSourcesBuildPhase;
			buildActionMask = 2147483647;
			files = (
				CC8695E322F4F54C00E9F14D /* LuzazUITests.swift in Sources */,
			);
			runOnlyForDeploymentPostprocessing = 0;
		};
/* End PBXSourcesBuildPhase section */

/* Begin PBXTargetDependency section */
		CC8695D522F4F54C00E9F14D /* PBXTargetDependency */ = {
			isa = PBXTargetDependency;
			target = CC8695BE22F4F54B00E9F14D /* Luzaz */;
			targetProxy = CC8695D422F4F54C00E9F14D /* PBXContainerItemProxy */;
		};
		CC8695E022F4F54C00E9F14D /* PBXTargetDependency */ = {
			isa = PBXTargetDependency;
			target = CC8695BE22F4F54B00E9F14D /* Luzaz */;
			targetProxy = CC8695DF22F4F54C00E9F14D /* PBXContainerItemProxy */;
		};
/* End PBXTargetDependency section */

/* Begin PBXVariantGroup section */
		CC8695C622F4F54B00E9F14D /* Main.storyboard */ = {
			isa = PBXVariantGroup;
			children = (
				CC8695C722F4F54B00E9F14D /* Base */,
			);
			name = Main.storyboard;
			sourceTree = "<group>";
		};
		CC8695CB22F4F54B00E9F14D /* LaunchScreen.storyboard */ = {
			isa = PBXVariantGroup;
			children = (
				CC8695CC22F4F54B00E9F14D /* Base */,
			);
			name = LaunchScreen.storyboard;
			sourceTree = "<group>";
		};
/* End PBXVariantGroup section */

/* Begin XCBuildConfiguration section */
		CC8695E522F4F54C00E9F14D /* Debug */ = {
			isa = XCBuildConfiguration;
			buildSettings = {
				ALWAYS_SEARCH_USER_PATHS = NO;
				CLANG_ANALYZER_NONNULL = YES;
				CLANG_CXX_LANGUAGE_STANDARD = "gnu++0x";
				CLANG_CXX_LIBRARY = "libc++";
				CLANG_ENABLE_MODULES = YES;
				CLANG_ENABLE_OBJC_ARC = YES;
				CLANG_WARN_BOOL_CONVERSION = YES;
				CLANG_WARN_CONSTANT_CONVERSION = YES;
				CLANG_WARN_DIRECT_OBJC_ISA_USAGE = YES_ERROR;
				CLANG_WARN_DOCUMENTATION_COMMENTS = YES;
				CLANG_WARN_EMPTY_BODY = YES;
				CLANG_WARN_ENUM_CONVERSION = YES;
				CLANG_WARN_INFINITE_RECURSION = YES;
				CLANG_WARN_INT_CONVERSION = YES;
				CLANG_WARN_OBJC_ROOT_CLASS = YES_ERROR;
				CLANG_WARN_SUSPICIOUS_MOVE = YES;
				CLANG_WARN_UNREACHABLE_CODE = YES;
				CLANG_WARN__DUPLICATE_METHOD_MATCH = YES;
				"CODE_SIGN_IDENTITY[sdk=iphoneos*]" = "iPhone Developer";
				COPY_PHASE_STRIP = NO;
				DEBUG_INFORMATION_FORMAT = dwarf;
				ENABLE_STRICT_OBJC_MSGSEND = YES;
				ENABLE_TESTABILITY = YES;
				GCC_C_LANGUAGE_STANDARD = gnu99;
				GCC_DYNAMIC_NO_PIC = NO;
				GCC_NO_COMMON_BLOCKS = YES;
				GCC_OPTIMIZATION_LEVEL = 0;
				GCC_PREPROCESSOR_DEFINITIONS = (
					"DEBUG=1",
					"$(inherited)",
				);
				GCC_WARN_64_TO_32_BIT_CONVERSION = YES;
				GCC_WARN_ABOUT_RETURN_TYPE = YES_ERROR;
				GCC_WARN_UNDECLARED_SELECTOR = YES;
				GCC_WARN_UNINITIALIZED_AUTOS = YES_AGGRESSIVE;
				GCC_WARN_UNUSED_FUNCTION = YES;
				GCC_WARN_UNUSED_VARIABLE = YES;
				IPHONEOS_DEPLOYMENT_TARGET = 10.2;
				MTL_ENABLE_DEBUG_INFO = YES;
				ONLY_ACTIVE_ARCH = YES;
				SDKROOT = iphoneos;
				SWIFT_ACTIVE_COMPILATION_CONDITIONS = DEBUG;
				SWIFT_OPTIMIZATION_LEVEL = "-Onone";
			};
			name = Debug;
		};
		CC8695E622F4F54C00E9F14D /* Release */ = {
			isa = XCBuildConfiguration;
			buildSettings = {
				ALWAYS_SEARCH_USER_PATHS = NO;
				CLANG_ANALYZER_NONNULL = YES;
				CLANG_CXX_LANGUAGE_STANDARD = "gnu++0x";
				CLANG_CXX_LIBRARY = "libc++";
				CLANG_ENABLE_MODULES = YES;
				CLANG_ENABLE_OBJC_ARC = YES;
				CLANG_WARN_BOOL_CONVERSION = YES;
				CLANG_WARN_CONSTANT_CONVERSION = YES;
				CLANG_WARN_DIRECT_OBJC_ISA_USAGE = YES_ERROR;
				CLANG_WARN_DOCUMENTATION_COMMENTS = YES;
				CLANG_WARN_EMPTY_BODY = YES;
				CLANG_WARN_ENUM_CONVERSION = YES;
				CLANG_WARN_INFINITE_RECURSION = YES;
				CLANG_WARN_INT_CONVERSION = YES;
				CLANG_WARN_OBJC_ROOT_CLASS = YES_ERROR;
				CLANG_WARN_SUSPICIOUS_MOVE = YES;
				CLANG_WARN_UNREACHABLE_CODE = YES;
				CLANG_WARN__DUPLICATE_METHOD_MATCH = YES;
				"CODE_SIGN_IDENTITY[sdk=iphoneos*]" = "iPhone Developer";
				COPY_PHASE_STRIP = NO;
				DEBUG_INFORMATION_FORMAT = "dwarf-with-dsym";
				ENABLE_NS_ASSERTIONS = NO;
				ENABLE_STRICT_OBJC_MSGSEND = YES;
				GCC_C_LANGUAGE_STANDARD = gnu99;
				GCC_NO_COMMON_BLOCKS = YES;
				GCC_WARN_64_TO_32_BIT_CONVERSION = YES;
				GCC_WARN_ABOUT_RETURN_TYPE = YES_ERROR;
				GCC_WARN_UNDECLARED_SELECTOR = YES;
				GCC_WARN_UNINITIALIZED_AUTOS = YES_AGGRESSIVE;
				GCC_WARN_UNUSED_FUNCTION = YES;
				GCC_WARN_UNUSED_VARIABLE = YES;
				IPHONEOS_DEPLOYMENT_TARGET = 10.2;
				MTL_ENABLE_DEBUG_INFO = NO;
				SDKROOT = iphoneos;
				SWIFT_OPTIMIZATION_LEVEL = "-Owholemodule";
				VALIDATE_PRODUCT = YES;
			};
			name = Release;
		};
		CC8695E822F4F54C00E9F14D /* Debug */ = {
			isa = XCBuildConfiguration;
			baseConfigurationReference = 100670FC2F7EE42B7821D67F /* Pods-Luzaz.debug.xcconfig */;
			buildSettings = {
				ASSETCATALOG_COMPILER_APPICON_NAME = AppIcon;
				INFOPLIST_FILE = Luzaz/Info.plist;
				LD_RUNPATH_SEARCH_PATHS = "$(inherited) @executable_path/Frameworks";
				PRODUCT_BUNDLE_IDENTIFIER = Luzaz.Luzaz;
				PRODUCT_NAME = "$(TARGET_NAME)";
				SWIFT_VERSION = 3.0;
			};
			name = Debug;
		};
		CC8695E922F4F54C00E9F14D /* Release */ = {
			isa = XCBuildConfiguration;
			baseConfigurationReference = FD9E23ED21F7DA46284A61F3 /* Pods-Luzaz.release.xcconfig */;
			buildSettings = {
				ASSETCATALOG_COMPILER_APPICON_NAME = AppIcon;
				INFOPLIST_FILE = Luzaz/Info.plist;
				LD_RUNPATH_SEARCH_PATHS = "$(inherited) @executable_path/Frameworks";
				PRODUCT_BUNDLE_IDENTIFIER = Luzaz.Luzaz;
				PRODUCT_NAME = "$(TARGET_NAME)";
				SWIFT_VERSION = 3.0;
			};
			name = Release;
		};
		CC8695EB22F4F54C00E9F14D /* Debug */ = {
			isa = XCBuildConfiguration;
			baseConfigurationReference = 4DF2B521000D8C5E179AD6D5 /* Pods-LuzazTests.debug.xcconfig */;
			buildSettings = {
				ALWAYS_EMBED_SWIFT_STANDARD_LIBRARIES = YES;
				BUNDLE_LOADER = "$(TEST_HOST)";
				INFOPLIST_FILE = LuzazTests/Info.plist;
				LD_RUNPATH_SEARCH_PATHS = "$(inherited) @executable_path/Frameworks @loader_path/Frameworks";
				PRODUCT_BUNDLE_IDENTIFIER = Luzaz.LuzazTests;
				PRODUCT_NAME = "$(TARGET_NAME)";
				SWIFT_VERSION = 3.0;
				TEST_HOST = "$(BUILT_PRODUCTS_DIR)/Luzaz.app/Luzaz";
			};
			name = Debug;
		};
		CC8695EC22F4F54C00E9F14D /* Release */ = {
			isa = XCBuildConfiguration;
			baseConfigurationReference = E34F3A2E495180620BBEA816 /* Pods-LuzazTests.release.xcconfig */;
			buildSettings = {
				ALWAYS_EMBED_SWIFT_STANDARD_LIBRARIES = YES;
				BUNDLE_LOADER = "$(TEST_HOST)";
				INFOPLIST_FILE = LuzazTests/Info.plist;
				LD_RUNPATH_SEARCH_PATHS = "$(inherited) @executable_path/Frameworks @loader_path/Frameworks";
				PRODUCT_BUNDLE_IDENTIFIER = Luzaz.LuzazTests;
				PRODUCT_NAME = "$(TARGET_NAME)";
				SWIFT_VERSION = 3.0;
				TEST_HOST = "$(BUILT_PRODUCTS_DIR)/Luzaz.app/Luzaz";
			};
			name = Release;
		};
		CC8695EE22F4F54C00E9F14D /* Debug */ = {
			isa = XCBuildConfiguration;
			baseConfigurationReference = 8E56E4FA24B2B696BB1F3AFC /* Pods-LuzazUITests.debug.xcconfig */;
			buildSettings = {
				ALWAYS_EMBED_SWIFT_STANDARD_LIBRARIES = YES;
				INFOPLIST_FILE = LuzazUITests/Info.plist;
				LD_RUNPATH_SEARCH_PATHS = "$(inherited) @executable_path/Frameworks @loader_path/Frameworks";
				PRODUCT_BUNDLE_IDENTIFIER = Luzaz.LuzazUITests;
				PRODUCT_NAME = "$(TARGET_NAME)";
				SWIFT_VERSION = 3.0;
				TEST_TARGET_NAME = Luzaz;
			};
			name = Debug;
		};
		CC8695EF22F4F54C00E9F14D /* Release */ = {
			isa = XCBuildConfiguration;
			baseConfigurationReference = 56BDBA5BF56B31B6330EC880 /* Pods-LuzazUITests.release.xcconfig */;
			buildSettings = {
				ALWAYS_EMBED_SWIFT_STANDARD_LIBRARIES = YES;
				INFOPLIST_FILE = LuzazUITests/Info.plist;
				LD_RUNPATH_SEARCH_PATHS = "$(inherited) @executable_path/Frameworks @loader_path/Frameworks";
				PRODUCT_BUNDLE_IDENTIFIER = Luzaz.LuzazUITests;
				PRODUCT_NAME = "$(TARGET_NAME)";
				SWIFT_VERSION = 3.0;
				TEST_TARGET_NAME = Luzaz;
			};
			name = Release;
		};
/* End XCBuildConfiguration section */

/* Begin XCConfigurationList section */
		CC8695BA22F4F54B00E9F14D /* Build configuration list for PBXProject "Luzaz" */ = {
			isa = XCConfigurationList;
			buildConfigurations = (
				CC8695E522F4F54C00E9F14D /* Debug */,
				CC8695E622F4F54C00E9F14D /* Release */,
			);
			defaultConfigurationIsVisible = 0;
			defaultConfigurationName = Release;
		};
		CC8695E722F4F54C00E9F14D /* Build configuration list for PBXNativeTarget "Luzaz" */ = {
			isa = XCConfigurationList;
			buildConfigurations = (
				CC8695E822F4F54C00E9F14D /* Debug */,
				CC8695E922F4F54C00E9F14D /* Release */,
			);
			defaultConfigurationIsVisible = 0;
			defaultConfigurationName = Release;
		};
		CC8695EA22F4F54C00E9F14D /* Build configuration list for PBXNativeTarget "LuzazTests" */ = {
			isa = XCConfigurationList;
			buildConfigurations = (
				CC8695EB22F4F54C00E9F14D /* Debug */,
				CC8695EC22F4F54C00E9F14D /* Release */,
			);
			defaultConfigurationIsVisible = 0;
			defaultConfigurationName = Release;
		};
		CC8695ED22F4F54C00E9F14D /* Build configuration list for PBXNativeTarget "LuzazUITests" */ = {
			isa = XCConfigurationList;
			buildConfigurations = (
				CC8695EE22F4F54C00E9F14D /* Debug */,
				CC8695EF22F4F54C00E9F14D /* Release */,
			);
			defaultConfigurationIsVisible = 0;
			defaultConfigurationName = Release;
		};
/* End XCConfigurationList section */
	};
	rootObject = CC8695B722F4F54B00E9F14D /* Project object */;
}
