// !$*UTF8*$!
{
	archiveVersion = 1;
	classes = {
	};
	objectVersion = 48;
	objects = {

/* Begin PBXBuildFile section */
		2C56528155AF5CA19D92F859 /* Pods_LuzazTests.framework in Frameworks */ = {isa = PBXBuildFile; fileRef = D247A977BEF427E2F2481396 /* Pods_LuzazTests.framework */; };
		37519FBFD3D8A2D3F8B11DF8 /* Pods_Luzaz.framework in Frameworks */ = {isa = PBXBuildFile; fileRef = E8EBA106D88C342C3A092D61 /* Pods_Luzaz.framework */; };
		75FA5624498EF303E4A5E88E /* Pods_LuzazUITests.framework in Frameworks */ = {isa = PBXBuildFile; fileRef = A572FCD7502747F2B33B2A7B /* Pods_LuzazUITests.framework */; };
		CC05BEAE230AF8DA006CE43D /* OffersDetailsViewController.swift in Sources */ = {isa = PBXBuildFile; fileRef = CC05BEAD230AF8DA006CE43D /* OffersDetailsViewController.swift */; };
		CC07BFAC2309C1F200E83B0D /* OffersView.swift in Sources */ = {isa = PBXBuildFile; fileRef = CC07BFAB2309C1F200E83B0D /* OffersView.swift */; };
		CC07BFAE2309C21000E83B0D /* OffersCellView.swift in Sources */ = {isa = PBXBuildFile; fileRef = CC07BFAD2309C21000E83B0D /* OffersCellView.swift */; };
		CC07BFB02309C23800E83B0D /* OffersPresenter.swift in Sources */ = {isa = PBXBuildFile; fileRef = CC07BFAF2309C23800E83B0D /* OffersPresenter.swift */; };
		CC07DBFB232EF2DE0035AAC7 /* SubCategoryOffersInteractor.swift in Sources */ = {isa = PBXBuildFile; fileRef = CC07DBFA232EF2DE0035AAC7 /* SubCategoryOffersInteractor.swift */; };
		CC07DBFD232EF3A20035AAC7 /* SubCategoryOffersPresenter.swift in Sources */ = {isa = PBXBuildFile; fileRef = CC07DBFC232EF3A20035AAC7 /* SubCategoryOffersPresenter.swift */; };
		CC07DC01232EF6F90035AAC7 /* SubCategoryOffersTableViewCell.swift in Sources */ = {isa = PBXBuildFile; fileRef = CC07DBFF232EF6F90035AAC7 /* SubCategoryOffersTableViewCell.swift */; };
		CC07DC02232EF6F90035AAC7 /* SubCategoryOffersTableViewCell.xib in Resources */ = {isa = PBXBuildFile; fileRef = CC07DC00232EF6F90035AAC7 /* SubCategoryOffersTableViewCell.xib */; };
		CC07DC04232EF7260035AAC7 /* SubCategoryOffersCellView.swift in Sources */ = {isa = PBXBuildFile; fileRef = CC07DC03232EF7260035AAC7 /* SubCategoryOffersCellView.swift */; };
		CC07DC06232EF74B0035AAC7 /* SubCategoryOffersView.swift in Sources */ = {isa = PBXBuildFile; fileRef = CC07DC05232EF74B0035AAC7 /* SubCategoryOffersView.swift */; };
		CC08B047232813A0003132E2 /* UsersChatsCellView.swift in Sources */ = {isa = PBXBuildFile; fileRef = CC08B046232813A0003132E2 /* UsersChatsCellView.swift */; };
		CC08B04923281487003132E2 /* UsersChatsView.swift in Sources */ = {isa = PBXBuildFile; fileRef = CC08B04823281487003132E2 /* UsersChatsView.swift */; };
		CC08B04C23281ACC003132E2 /* UsersChatsPresenter.swift in Sources */ = {isa = PBXBuildFile; fileRef = CC08B04B23281ACC003132E2 /* UsersChatsPresenter.swift */; };
		CC08B04F23283434003132E2 /* UsersChatsInteractor.swift in Sources */ = {isa = PBXBuildFile; fileRef = CC08B04E23283434003132E2 /* UsersChatsInteractor.swift */; };
		CC08B05123283C53003132E2 /* UsersChatsViewController+PresetnerDelegate.swift in Sources */ = {isa = PBXBuildFile; fileRef = CC08B05023283C53003132E2 /* UsersChatsViewController+PresetnerDelegate.swift */; };
		CC0D3B80232940EA00C9DD70 /* MainCateogriesViewController.swift in Sources */ = {isa = PBXBuildFile; fileRef = CC0D3B7F232940EA00C9DD70 /* MainCateogriesViewController.swift */; };
		CC0D3B822329439500C9DD70 /* MainCategoriesPresenter.swift in Sources */ = {isa = PBXBuildFile; fileRef = CC0D3B812329439500C9DD70 /* MainCategoriesPresenter.swift */; };
		CC0D3B862329440500C9DD70 /* MainCategoriesView.swift in Sources */ = {isa = PBXBuildFile; fileRef = CC0D3B852329440500C9DD70 /* MainCategoriesView.swift */; };
		CC0D3B882329442E00C9DD70 /* MainCategoriesCellView.swift in Sources */ = {isa = PBXBuildFile; fileRef = CC0D3B872329442E00C9DD70 /* MainCategoriesCellView.swift */; };
		CC0D3B8A232944EE00C9DD70 /* MainCategoriesInteractor.swift in Sources */ = {isa = PBXBuildFile; fileRef = CC0D3B89232944EE00C9DD70 /* MainCategoriesInteractor.swift */; };
		CC0D3B8C2329491E00C9DD70 /* Category.swift in Sources */ = {isa = PBXBuildFile; fileRef = CC0D3B8B2329491E00C9DD70 /* Category.swift */; };
		CC0D3B8E23294FF600C9DD70 /* MainCategoriesViewController+PresenterDelegate.swift in Sources */ = {isa = PBXBuildFile; fileRef = CC0D3B8D23294FF600C9DD70 /* MainCategoriesViewController+PresenterDelegate.swift */; };
		CC0D3B9223295D3800C9DD70 /* MainCateoriesCollectionViewCell.swift in Sources */ = {isa = PBXBuildFile; fileRef = CC0D3B9023295D3800C9DD70 /* MainCateoriesCollectionViewCell.swift */; };
		CC0D3B9323295D3800C9DD70 /* MainCateoriesCollectionViewCell.xib in Resources */ = {isa = PBXBuildFile; fileRef = CC0D3B9123295D3800C9DD70 /* MainCateoriesCollectionViewCell.xib */; };
		CC0F9E69231D949800280C0A /* SellYourItemSecondViewCotroller+PickerDelegate.swift in Sources */ = {isa = PBXBuildFile; fileRef = CC0F9E68231D949800280C0A /* SellYourItemSecondViewCotroller+PickerDelegate.swift */; };
		CC1CE17F230B1CF500FCFFC0 /* Localizable.strings in Resources */ = {isa = PBXBuildFile; fileRef = CC1CE17E230B1CF500FCFFC0 /* Localizable.strings */; };
		CC2379EE2310A7D000923D59 /* LanguagesViewController.swift in Sources */ = {isa = PBXBuildFile; fileRef = CC2379ED2310A7D000923D59 /* LanguagesViewController.swift */; };
		CC52DCFE23096F9C00981C31 /* OffersInteractor.swift in Sources */ = {isa = PBXBuildFile; fileRef = CC52DCFD23096F9C00981C31 /* OffersInteractor.swift */; };
		CC52DD01230970E900981C31 /* Offer.swift in Sources */ = {isa = PBXBuildFile; fileRef = CC52DD00230970E900981C31 /* Offer.swift */; };
		CC5380DF23215298002E6FF8 /* SellYourItemFourthPresenter.swift in Sources */ = {isa = PBXBuildFile; fileRef = CC5380DE23215298002E6FF8 /* SellYourItemFourthPresenter.swift */; };
		CC5380E1232152E1002E6FF8 /* SellYourItemFourthView.swift in Sources */ = {isa = PBXBuildFile; fileRef = CC5380E0232152E1002E6FF8 /* SellYourItemFourthView.swift */; };
		CC5380E423215534002E6FF8 /* SellYourItemFourthViewCotroller+PickerDelegate.swift in Sources */ = {isa = PBXBuildFile; fileRef = CC5380E323215534002E6FF8 /* SellYourItemFourthViewCotroller+PickerDelegate.swift */; };
		CC5380E823217DA1002E6FF8 /* SellYourItemFifthPresenter.swift in Sources */ = {isa = PBXBuildFile; fileRef = CC5380E723217DA1002E6FF8 /* SellYourItemFifthPresenter.swift */; };
		CC5380EA23217DFE002E6FF8 /* SellYourItemFifthView.swift in Sources */ = {isa = PBXBuildFile; fileRef = CC5380E923217DFE002E6FF8 /* SellYourItemFifthView.swift */; };
		CC5380EE23218690002E6FF8 /* SellYourItemEndPresenter.swift in Sources */ = {isa = PBXBuildFile; fileRef = CC5380ED23218690002E6FF8 /* SellYourItemEndPresenter.swift */; };
		CC5380F0232186B5002E6FF8 /* SellYourItemEndView.swift in Sources */ = {isa = PBXBuildFile; fileRef = CC5380EF232186B5002E6FF8 /* SellYourItemEndView.swift */; };
		CC5380F22321908A002E6FF8 /* SellYourItemThirdViewController.swift in Sources */ = {isa = PBXBuildFile; fileRef = CC5380F12321908A002E6FF8 /* SellYourItemThirdViewController.swift */; };
		CC5380F4232199D2002E6FF8 /* Appartment.swift in Sources */ = {isa = PBXBuildFile; fileRef = CC5380F3232199D2002E6FF8 /* Appartment.swift */; };
		CC5380F623219C56002E6FF8 /* SellYourItemThirdPresenter.swift in Sources */ = {isa = PBXBuildFile; fileRef = CC5380F523219C56002E6FF8 /* SellYourItemThirdPresenter.swift */; };
		CC5380F923219D19002E6FF8 /* SellYourItemThirdView.swift in Sources */ = {isa = PBXBuildFile; fileRef = CC5380F823219D19002E6FF8 /* SellYourItemThirdView.swift */; };
		CC6861FD231B369D00C8F4FF /* SellYourItemPresenter.swift in Sources */ = {isa = PBXBuildFile; fileRef = CC6861FC231B369D00C8F4FF /* SellYourItemPresenter.swift */; };
		CC6861FF231B36FE00C8F4FF /* SellYourItemView.swift in Sources */ = {isa = PBXBuildFile; fileRef = CC6861FE231B36FE00C8F4FF /* SellYourItemView.swift */; };
		CC686201231B386200C8F4FF /* SellYourItemInteractor.swift in Sources */ = {isa = PBXBuildFile; fileRef = CC686200231B386200C8F4FF /* SellYourItemInteractor.swift */; };
		CC6B8D14232E874E005D45FC /* ConversationTableViewCell.swift in Sources */ = {isa = PBXBuildFile; fileRef = CC6B8D13232E874E005D45FC /* ConversationTableViewCell.swift */; };
		CC6B8D16232E89A2005D45FC /* ConversationCellView.swift in Sources */ = {isa = PBXBuildFile; fileRef = CC6B8D15232E89A2005D45FC /* ConversationCellView.swift */; };
		CC6C6FEF230CF03D00D421CB /* OffersViewController+CellSpaceDelegate.swift in Sources */ = {isa = PBXBuildFile; fileRef = CC6C6FEE230CF03D00D421CB /* OffersViewController+CellSpaceDelegate.swift */; };
		CC7167C9231F014E00F0BC00 /* SellYourItemSecondPresenter.swift in Sources */ = {isa = PBXBuildFile; fileRef = CC7167C8231F014E00F0BC00 /* SellYourItemSecondPresenter.swift */; };
		CC7167CB231F06EE00F0BC00 /* SellYourItemSecondView.swift in Sources */ = {isa = PBXBuildFile; fileRef = CC7167CA231F06EE00F0BC00 /* SellYourItemSecondView.swift */; };
		CC7CA916232D44C0006C5E17 /* ConverstionViewController.swift in Sources */ = {isa = PBXBuildFile; fileRef = CC7CA915232D44C0006C5E17 /* ConverstionViewController.swift */; };
		CC7CA918232D62B0006C5E17 /* Conversation.swift in Sources */ = {isa = PBXBuildFile; fileRef = CC7CA917232D62B0006C5E17 /* Conversation.swift */; };
		CC7CA91A232D6B17006C5E17 /* ConsersationInteractor.swift in Sources */ = {isa = PBXBuildFile; fileRef = CC7CA919232D6B17006C5E17 /* ConsersationInteractor.swift */; };
		CC7CA91C232D74A2006C5E17 /* ConversationPresenter.swift in Sources */ = {isa = PBXBuildFile; fileRef = CC7CA91B232D74A2006C5E17 /* ConversationPresenter.swift */; };
		CC7CA91E232D76BE006C5E17 /* ConversationView.swift in Sources */ = {isa = PBXBuildFile; fileRef = CC7CA91D232D76BE006C5E17 /* ConversationView.swift */; };
		CC7CA920232D7E60006C5E17 /* ConversationViewController+PresenterDelegate.swift in Sources */ = {isa = PBXBuildFile; fileRef = CC7CA91F232D7E60006C5E17 /* ConversationViewController+PresenterDelegate.swift */; };
		CC7F1493232ACEEA0074613B /* SubCategoriesViewConteroller+PresenterDelegate.swift in Sources */ = {isa = PBXBuildFile; fileRef = CC7F1492232ACEEA0074613B /* SubCategoriesViewConteroller+PresenterDelegate.swift */; };
		CC7F24182316D55400A2699C /* TextFieldIcon.swift in Sources */ = {isa = PBXBuildFile; fileRef = CC7F24172316D55400A2699C /* TextFieldIcon.swift */; };
		CC8365B2230869E000A71DFC /* LuzazRouter.swift in Sources */ = {isa = PBXBuildFile; fileRef = CC8365B1230869E000A71DFC /* LuzazRouter.swift */; };
		CC8365B4230869FC00A71DFC /* NetworkConstants.swift in Sources */ = {isa = PBXBuildFile; fileRef = CC8365B3230869FC00A71DFC /* NetworkConstants.swift */; };
		CC8695C322F4F54B00E9F14D /* AppDelegate.swift in Sources */ = {isa = PBXBuildFile; fileRef = CC8695C222F4F54B00E9F14D /* AppDelegate.swift */; };
		CC8695C522F4F54B00E9F14D /* ViewController.swift in Sources */ = {isa = PBXBuildFile; fileRef = CC8695C422F4F54B00E9F14D /* ViewController.swift */; };
		CC8695C822F4F54B00E9F14D /* Main.storyboard in Resources */ = {isa = PBXBuildFile; fileRef = CC8695C622F4F54B00E9F14D /* Main.storyboard */; };
		CC8695CA22F4F54B00E9F14D /* Assets.xcassets in Resources */ = {isa = PBXBuildFile; fileRef = CC8695C922F4F54B00E9F14D /* Assets.xcassets */; };
		CC8695CD22F4F54B00E9F14D /* LaunchScreen.storyboard in Resources */ = {isa = PBXBuildFile; fileRef = CC8695CB22F4F54B00E9F14D /* LaunchScreen.storyboard */; };
		CC8695D822F4F54C00E9F14D /* LuzazTests.swift in Sources */ = {isa = PBXBuildFile; fileRef = CC8695D722F4F54C00E9F14D /* LuzazTests.swift */; };
		CC8695E322F4F54C00E9F14D /* LuzazUITests.swift in Sources */ = {isa = PBXBuildFile; fileRef = CC8695E222F4F54C00E9F14D /* LuzazUITests.swift */; };
		CC86960922F4F61C00E9F14D /* SubCategoryOffersViewController.swift in Sources */ = {isa = PBXBuildFile; fileRef = CC8695F022F4F61C00E9F14D /* SubCategoryOffersViewController.swift */; };
		CC86960A22F4F61C00E9F14D /* BrowseAdViewController.swift in Sources */ = {isa = PBXBuildFile; fileRef = CC8695F122F4F61C00E9F14D /* BrowseAdViewController.swift */; };
		CC86960C22F4F61C00E9F14D /* UsersChatsViewController.swift in Sources */ = {isa = PBXBuildFile; fileRef = CC8695F322F4F61C00E9F14D /* UsersChatsViewController.swift */; };
		CC86960E22F4F61C00E9F14D /* FavouriteIViewController.swift in Sources */ = {isa = PBXBuildFile; fileRef = CC8695F522F4F61C00E9F14D /* FavouriteIViewController.swift */; };
		CC86960F22F4F61C00E9F14D /* OffersViewController.swift in Sources */ = {isa = PBXBuildFile; fileRef = CC8695F622F4F61C00E9F14D /* OffersViewController.swift */; };
		CC86961022F4F61C00E9F14D /* HomeViewController.swift in Sources */ = {isa = PBXBuildFile; fileRef = CC8695F722F4F61C00E9F14D /* HomeViewController.swift */; };
		CC86961122F4F61C00E9F14D /* ImageCollectionViewCell.swift in Sources */ = {isa = PBXBuildFile; fileRef = CC8695F822F4F61C00E9F14D /* ImageCollectionViewCell.swift */; };
		CC86961222F4F61C00E9F14D /* LoginViewController.swift in Sources */ = {isa = PBXBuildFile; fileRef = CC8695F922F4F61C00E9F14D /* LoginViewController.swift */; };
		CC86961522F4F61C00E9F14D /* MyProductViewController.swift in Sources */ = {isa = PBXBuildFile; fileRef = CC8695FC22F4F61C00E9F14D /* MyProductViewController.swift */; };
		CC86961822F4F61C00E9F14D /* ProductScreendetailsViewController.swift in Sources */ = {isa = PBXBuildFile; fileRef = CC8695FF22F4F61C00E9F14D /* ProductScreendetailsViewController.swift */; };
		CC86961922F4F61C00E9F14D /* ProductViewController.swift in Sources */ = {isa = PBXBuildFile; fileRef = CC86960022F4F61C00E9F14D /* ProductViewController.swift */; };
		CC86961A22F4F61C00E9F14D /* RegisterationStatusViewController.swift in Sources */ = {isa = PBXBuildFile; fileRef = CC86960122F4F61C00E9F14D /* RegisterationStatusViewController.swift */; };
		CC86961B22F4F61C00E9F14D /* SellYourItemEndViewController.swift in Sources */ = {isa = PBXBuildFile; fileRef = CC86960222F4F61C00E9F14D /* SellYourItemEndViewController.swift */; };
		CC86961C22F4F61C00E9F14D /* SellYourItemFifthViewController.swift in Sources */ = {isa = PBXBuildFile; fileRef = CC86960322F4F61C00E9F14D /* SellYourItemFifthViewController.swift */; };
		CC86961D22F4F61C00E9F14D /* SellYourItemFourthViewController.swift in Sources */ = {isa = PBXBuildFile; fileRef = CC86960422F4F61C00E9F14D /* SellYourItemFourthViewController.swift */; };
		CC86961E22F4F61C00E9F14D /* SellYourItemSecondViewController.swift in Sources */ = {isa = PBXBuildFile; fileRef = CC86960522F4F61C00E9F14D /* SellYourItemSecondViewController.swift */; };
		CC86961F22F4F61C00E9F14D /* SellYourItemViewController.swift in Sources */ = {isa = PBXBuildFile; fileRef = CC86960622F4F61C00E9F14D /* SellYourItemViewController.swift */; };
		CC86962022F4F61C00E9F14D /* SubCategoriesViewController.swift in Sources */ = {isa = PBXBuildFile; fileRef = CC86960722F4F61C00E9F14D /* SubCategoriesViewController.swift */; };
		CC86962122F4F61C00E9F14D /* TetViewController.swift in Sources */ = {isa = PBXBuildFile; fileRef = CC86960822F4F61C00E9F14D /* TetViewController.swift */; };
		CC8E91EF23116F0900F82AB2 /* LeftSidePanelVC.swift in Sources */ = {isa = PBXBuildFile; fileRef = CC8E91EE23116F0900F82AB2 /* LeftSidePanelVC.swift */; };
		CC9482E7230F7D3D0058D78A /* CountriesViewController.swift in Sources */ = {isa = PBXBuildFile; fileRef = CC9482E6230F7D3D0058D78A /* CountriesViewController.swift */; };
		CC9482EB230F7F020058D78A /* CountryTableViewCell.swift in Sources */ = {isa = PBXBuildFile; fileRef = CC9482E9230F7F020058D78A /* CountryTableViewCell.swift */; };
		CC9482EC230F7F020058D78A /* CountryTableViewCell.xib in Resources */ = {isa = PBXBuildFile; fileRef = CC9482EA230F7F020058D78A /* CountryTableViewCell.xib */; };
		CC9482EF230F805A0058D78A /* CountryPresenter.swift in Sources */ = {isa = PBXBuildFile; fileRef = CC9482EE230F805A0058D78A /* CountryPresenter.swift */; };
		CC9482F1230F81400058D78A /* Country.swift in Sources */ = {isa = PBXBuildFile; fileRef = CC9482F0230F81400058D78A /* Country.swift */; };
		CC9482F4230F82D10058D78A /* CountryCellView.swift in Sources */ = {isa = PBXBuildFile; fileRef = CC9482F3230F82D10058D78A /* CountryCellView.swift */; };
		CC9482F6230F84C10058D78A /* CountryView.swift in Sources */ = {isa = PBXBuildFile; fileRef = CC9482F5230F84C10058D78A /* CountryView.swift */; };
		CC98EF4C2327F50300BB750F /* UIViewController+HideKeyboardDelagate.swift in Sources */ = {isa = PBXBuildFile; fileRef = CC98EF4B2327F50300BB750F /* UIViewController+HideKeyboardDelagate.swift */; };
		CC9F8FB122F6162A00B86648 /* Media.xcassets in Resources */ = {isa = PBXBuildFile; fileRef = CC9F8FB022F6162A00B86648 /* Media.xcassets */; };
		CCA9EE8A232800B600351F26 /* UserChatsTableViewCell.swift in Sources */ = {isa = PBXBuildFile; fileRef = CCA9EE88232800B600351F26 /* UserChatsTableViewCell.swift */; };
		CCA9EE8B232800B600351F26 /* UserChatsTableViewCell.xib in Resources */ = {isa = PBXBuildFile; fileRef = CCA9EE89232800B600351F26 /* UserChatsTableViewCell.xib */; };
		CCB406C6231816BC0099B74E /* SellYourItemViewController+PickerDelegate.swift in Sources */ = {isa = PBXBuildFile; fileRef = CCB406C5231816BC0099B74E /* SellYourItemViewController+PickerDelegate.swift */; };
		CCB8F5482313DCCD0025FEA1 /* RegistrationViewController+PresenterDelegate.swift in Sources */ = {isa = PBXBuildFile; fileRef = CCB8F5472313DCCD0025FEA1 /* RegistrationViewController+PresenterDelegate.swift */; };
		CCB8F54A2313DD280025FEA1 /* RegistrationViewController+TextFieldDelegate.swift in Sources */ = {isa = PBXBuildFile; fileRef = CCB8F5492313DD280025FEA1 /* RegistrationViewController+TextFieldDelegate.swift */; };
		CCB8F54C2313ED620025FEA1 /* LoginPresenter.swift in Sources */ = {isa = PBXBuildFile; fileRef = CCB8F54B2313ED620025FEA1 /* LoginPresenter.swift */; };
		CCB8F54E2313ED800025FEA1 /* LoginView.swift in Sources */ = {isa = PBXBuildFile; fileRef = CCB8F54D2313ED800025FEA1 /* LoginView.swift */; };
		CCB8F5502313ED800025FEA1 /* LoginViewController+PresenterDelegate.swift in Sources */ = {isa = PBXBuildFile; fileRef = CCB8F54F2313ED800025FEA1 /* LoginViewController+PresenterDelegate.swift */; };
		CCB8F5522313ED800025FEA1 /* LoginViewController+TextField.swift in Sources */ = {isa = PBXBuildFile; fileRef = CCB8F5512313ED800025FEA1 /* LoginViewController+TextField.swift */; };
		CCB8F5542313ED800025FEA1 /* LoginViewController+TextFieldDelegate.swift in Sources */ = {isa = PBXBuildFile; fileRef = CCB8F5532313ED800025FEA1 /* LoginViewController+TextFieldDelegate.swift */; };
		CCBAB860230A040500B33A36 /* OffersViewController+PresenterDelagate.swift in Sources */ = {isa = PBXBuildFile; fileRef = CCBAB85F230A040500B33A36 /* OffersViewController+PresenterDelagate.swift */; };
		CCC123B6230AEEFC0033BD18 /* OffersCell.swift in Sources */ = {isa = PBXBuildFile; fileRef = CCC123B4230AEEFC0033BD18 /* OffersCell.swift */; };
		CCC123B7230AEEFC0033BD18 /* OffersCell.xib in Resources */ = {isa = PBXBuildFile; fileRef = CCC123B5230AEEFC0033BD18 /* OffersCell.xib */; };
		CCCED99A232AD43F00148694 /* SubCategoriesPresenter.swift in Sources */ = {isa = PBXBuildFile; fileRef = CCCED999232AD43F00148694 /* SubCategoriesPresenter.swift */; };
		CCCED99C232AD46A00148694 /* SubCategoriesInteractor.swift in Sources */ = {isa = PBXBuildFile; fileRef = CCCED99B232AD46A00148694 /* SubCategoriesInteractor.swift */; };
		CCCED99E232AD4A900148694 /* SubCategoriesView.swift in Sources */ = {isa = PBXBuildFile; fileRef = CCCED99D232AD4A900148694 /* SubCategoriesView.swift */; };
		CCDA9B212313133F001525F8 /* UserInteractor.swift in Sources */ = {isa = PBXBuildFile; fileRef = CCDA9B202313133F001525F8 /* UserInteractor.swift */; };
		CCDA9B232313137A001525F8 /* User.swift in Sources */ = {isa = PBXBuildFile; fileRef = CCDA9B222313137A001525F8 /* User.swift */; };
		CCDA9B25231320FC001525F8 /* RegistrationPresenter.swift in Sources */ = {isa = PBXBuildFile; fileRef = CCDA9B24231320FC001525F8 /* RegistrationPresenter.swift */; };
		CCDA9B2723132126001525F8 /* RegistrationView.swift in Sources */ = {isa = PBXBuildFile; fileRef = CCDA9B2623132126001525F8 /* RegistrationView.swift */; };
		CCE369AC230BFD57008CAC35 /* ContainerVC.swift in Sources */ = {isa = PBXBuildFile; fileRef = CCE369AB230BFD57008CAC35 /* ContainerVC.swift */; };
		CCE369B1230BFFB1008CAC35 /* CenterVCDelegate.swift in Sources */ = {isa = PBXBuildFile; fileRef = CCE369B0230BFFB1008CAC35 /* CenterVCDelegate.swift */; };
		CCF0C33622F5AE09003511CD /* RegisterViewController.swift in Sources */ = {isa = PBXBuildFile; fileRef = CCF0C33522F5AE09003511CD /* RegisterViewController.swift */; };
		CCF1BBC72316AFF000B1FA16 /* OffersVC+SearchDelegate.swift in Sources */ = {isa = PBXBuildFile; fileRef = CCF1BBC62316AFF000B1FA16 /* OffersVC+SearchDelegate.swift */; };
/* End PBXBuildFile section */

/* Begin PBXContainerItemProxy section */
		CC8695D422F4F54C00E9F14D /* PBXContainerItemProxy */ = {
			isa = PBXContainerItemProxy;
			containerPortal = CC8695B722F4F54B00E9F14D /* Project object */;
			proxyType = 1;
			remoteGlobalIDString = CC8695BE22F4F54B00E9F14D;
			remoteInfo = Luzaz;
		};
		CC8695DF22F4F54C00E9F14D /* PBXContainerItemProxy */ = {
			isa = PBXContainerItemProxy;
			containerPortal = CC8695B722F4F54B00E9F14D /* Project object */;
			proxyType = 1;
			remoteGlobalIDString = CC8695BE22F4F54B00E9F14D;
			remoteInfo = Luzaz;
		};
/* End PBXContainerItemProxy section */

/* Begin PBXFileReference section */
		100670FC2F7EE42B7821D67F /* Pods-Luzaz.debug.xcconfig */ = {isa = PBXFileReference; includeInIndex = 1; lastKnownFileType = text.xcconfig; name = "Pods-Luzaz.debug.xcconfig"; path = "Target Support Files/Pods-Luzaz/Pods-Luzaz.debug.xcconfig"; sourceTree = "<group>"; };
		4DF2B521000D8C5E179AD6D5 /* Pods-LuzazTests.debug.xcconfig */ = {isa = PBXFileReference; includeInIndex = 1; lastKnownFileType = text.xcconfig; name = "Pods-LuzazTests.debug.xcconfig"; path = "Target Support Files/Pods-LuzazTests/Pods-LuzazTests.debug.xcconfig"; sourceTree = "<group>"; };
		56BDBA5BF56B31B6330EC880 /* Pods-LuzazUITests.release.xcconfig */ = {isa = PBXFileReference; includeInIndex = 1; lastKnownFileType = text.xcconfig; name = "Pods-LuzazUITests.release.xcconfig"; path = "Target Support Files/Pods-LuzazUITests/Pods-LuzazUITests.release.xcconfig"; sourceTree = "<group>"; };
		8E56E4FA24B2B696BB1F3AFC /* Pods-LuzazUITests.debug.xcconfig */ = {isa = PBXFileReference; includeInIndex = 1; lastKnownFileType = text.xcconfig; name = "Pods-LuzazUITests.debug.xcconfig"; path = "Target Support Files/Pods-LuzazUITests/Pods-LuzazUITests.debug.xcconfig"; sourceTree = "<group>"; };
		A572FCD7502747F2B33B2A7B /* Pods_LuzazUITests.framework */ = {isa = PBXFileReference; explicitFileType = wrapper.framework; includeInIndex = 0; path = Pods_LuzazUITests.framework; sourceTree = BUILT_PRODUCTS_DIR; };
		CC05BEAD230AF8DA006CE43D /* OffersDetailsViewController.swift */ = {isa = PBXFileReference; fileEncoding = 4; lastKnownFileType = sourcecode.swift; path = OffersDetailsViewController.swift; sourceTree = "<group>"; };
		CC07BFAB2309C1F200E83B0D /* OffersView.swift */ = {isa = PBXFileReference; fileEncoding = 4; lastKnownFileType = sourcecode.swift; path = OffersView.swift; sourceTree = "<group>"; };
		CC07BFAD2309C21000E83B0D /* OffersCellView.swift */ = {isa = PBXFileReference; fileEncoding = 4; lastKnownFileType = sourcecode.swift; path = OffersCellView.swift; sourceTree = "<group>"; };
		CC07BFAF2309C23800E83B0D /* OffersPresenter.swift */ = {isa = PBXFileReference; fileEncoding = 4; lastKnownFileType = sourcecode.swift; path = OffersPresenter.swift; sourceTree = "<group>"; };
		CC07DBFA232EF2DE0035AAC7 /* SubCategoryOffersInteractor.swift */ = {isa = PBXFileReference; fileEncoding = 4; lastKnownFileType = sourcecode.swift; path = SubCategoryOffersInteractor.swift; sourceTree = "<group>"; };
		CC07DBFC232EF3A20035AAC7 /* SubCategoryOffersPresenter.swift */ = {isa = PBXFileReference; fileEncoding = 4; lastKnownFileType = sourcecode.swift; path = SubCategoryOffersPresenter.swift; sourceTree = "<group>"; };
		CC07DBFF232EF6F90035AAC7 /* SubCategoryOffersTableViewCell.swift */ = {isa = PBXFileReference; fileEncoding = 4; lastKnownFileType = sourcecode.swift; path = SubCategoryOffersTableViewCell.swift; sourceTree = "<group>"; };
		CC07DC00232EF6F90035AAC7 /* SubCategoryOffersTableViewCell.xib */ = {isa = PBXFileReference; fileEncoding = 4; lastKnownFileType = file.xib; path = SubCategoryOffersTableViewCell.xib; sourceTree = "<group>"; };
		CC07DC03232EF7260035AAC7 /* SubCategoryOffersCellView.swift */ = {isa = PBXFileReference; fileEncoding = 4; lastKnownFileType = sourcecode.swift; path = SubCategoryOffersCellView.swift; sourceTree = "<group>"; };
		CC07DC05232EF74B0035AAC7 /* SubCategoryOffersView.swift */ = {isa = PBXFileReference; fileEncoding = 4; lastKnownFileType = sourcecode.swift; path = SubCategoryOffersView.swift; sourceTree = "<group>"; };
		CC08B046232813A0003132E2 /* UsersChatsCellView.swift */ = {isa = PBXFileReference; fileEncoding = 4; lastKnownFileType = sourcecode.swift; path = UsersChatsCellView.swift; sourceTree = "<group>"; };
		CC08B04823281487003132E2 /* UsersChatsView.swift */ = {isa = PBXFileReference; fileEncoding = 4; lastKnownFileType = sourcecode.swift; path = UsersChatsView.swift; sourceTree = "<group>"; };
		CC08B04B23281ACC003132E2 /* UsersChatsPresenter.swift */ = {isa = PBXFileReference; fileEncoding = 4; lastKnownFileType = sourcecode.swift; path = UsersChatsPresenter.swift; sourceTree = "<group>"; };
		CC08B04E23283434003132E2 /* UsersChatsInteractor.swift */ = {isa = PBXFileReference; fileEncoding = 4; lastKnownFileType = sourcecode.swift; path = UsersChatsInteractor.swift; sourceTree = "<group>"; };
		CC08B05023283C53003132E2 /* UsersChatsViewController+PresetnerDelegate.swift */ = {isa = PBXFileReference; fileEncoding = 4; lastKnownFileType = sourcecode.swift; path = "UsersChatsViewController+PresetnerDelegate.swift"; sourceTree = "<group>"; };
		CC0D3B7F232940EA00C9DD70 /* MainCateogriesViewController.swift */ = {isa = PBXFileReference; fileEncoding = 4; lastKnownFileType = sourcecode.swift; path = MainCateogriesViewController.swift; sourceTree = "<group>"; };
		CC0D3B812329439500C9DD70 /* MainCategoriesPresenter.swift */ = {isa = PBXFileReference; fileEncoding = 4; lastKnownFileType = sourcecode.swift; path = MainCategoriesPresenter.swift; sourceTree = "<group>"; };
		CC0D3B852329440500C9DD70 /* MainCategoriesView.swift */ = {isa = PBXFileReference; fileEncoding = 4; lastKnownFileType = sourcecode.swift; path = MainCategoriesView.swift; sourceTree = "<group>"; };
		CC0D3B872329442E00C9DD70 /* MainCategoriesCellView.swift */ = {isa = PBXFileReference; fileEncoding = 4; lastKnownFileType = sourcecode.swift; path = MainCategoriesCellView.swift; sourceTree = "<group>"; };
		CC0D3B89232944EE00C9DD70 /* MainCategoriesInteractor.swift */ = {isa = PBXFileReference; fileEncoding = 4; lastKnownFileType = sourcecode.swift; path = MainCategoriesInteractor.swift; sourceTree = "<group>"; };
		CC0D3B8B2329491E00C9DD70 /* Category.swift */ = {isa = PBXFileReference; fileEncoding = 4; lastKnownFileType = sourcecode.swift; path = Category.swift; sourceTree = "<group>"; };
		CC0D3B8D23294FF600C9DD70 /* MainCategoriesViewController+PresenterDelegate.swift */ = {isa = PBXFileReference; fileEncoding = 4; lastKnownFileType = sourcecode.swift; path = "MainCategoriesViewController+PresenterDelegate.swift"; sourceTree = "<group>"; };
		CC0D3B9023295D3800C9DD70 /* MainCateoriesCollectionViewCell.swift */ = {isa = PBXFileReference; fileEncoding = 4; lastKnownFileType = sourcecode.swift; path = MainCateoriesCollectionViewCell.swift; sourceTree = "<group>"; };
		CC0D3B9123295D3800C9DD70 /* MainCateoriesCollectionViewCell.xib */ = {isa = PBXFileReference; fileEncoding = 4; lastKnownFileType = file.xib; path = MainCateoriesCollectionViewCell.xib; sourceTree = "<group>"; };
		CC0F9E68231D949800280C0A /* SellYourItemSecondViewCotroller+PickerDelegate.swift */ = {isa = PBXFileReference; fileEncoding = 4; lastKnownFileType = sourcecode.swift; path = "SellYourItemSecondViewCotroller+PickerDelegate.swift"; sourceTree = "<group>"; };
		CC1CE17E230B1CF500FCFFC0 /* Localizable.strings */ = {isa = PBXFileReference; fileEncoding = 4; lastKnownFileType = text.plist.strings; path = Localizable.strings; sourceTree = "<group>"; };
		CC2379ED2310A7D000923D59 /* LanguagesViewController.swift */ = {isa = PBXFileReference; fileEncoding = 4; lastKnownFileType = sourcecode.swift; path = LanguagesViewController.swift; sourceTree = "<group>"; };
		CC52DCFD23096F9C00981C31 /* OffersInteractor.swift */ = {isa = PBXFileReference; fileEncoding = 4; lastKnownFileType = sourcecode.swift; path = OffersInteractor.swift; sourceTree = "<group>"; };
		CC52DD00230970E900981C31 /* Offer.swift */ = {isa = PBXFileReference; fileEncoding = 4; lastKnownFileType = sourcecode.swift; path = Offer.swift; sourceTree = "<group>"; };
		CC5380DE23215298002E6FF8 /* SellYourItemFourthPresenter.swift */ = {isa = PBXFileReference; fileEncoding = 4; lastKnownFileType = sourcecode.swift; path = SellYourItemFourthPresenter.swift; sourceTree = "<group>"; };
		CC5380E0232152E1002E6FF8 /* SellYourItemFourthView.swift */ = {isa = PBXFileReference; fileEncoding = 4; lastKnownFileType = sourcecode.swift; path = SellYourItemFourthView.swift; sourceTree = "<group>"; };
		CC5380E323215534002E6FF8 /* SellYourItemFourthViewCotroller+PickerDelegate.swift */ = {isa = PBXFileReference; fileEncoding = 4; lastKnownFileType = sourcecode.swift; path = "SellYourItemFourthViewCotroller+PickerDelegate.swift"; sourceTree = "<group>"; };
		CC5380E723217DA1002E6FF8 /* SellYourItemFifthPresenter.swift */ = {isa = PBXFileReference; fileEncoding = 4; lastKnownFileType = sourcecode.swift; path = SellYourItemFifthPresenter.swift; sourceTree = "<group>"; };
		CC5380E923217DFE002E6FF8 /* SellYourItemFifthView.swift */ = {isa = PBXFileReference; fileEncoding = 4; lastKnownFileType = sourcecode.swift; path = SellYourItemFifthView.swift; sourceTree = "<group>"; };
		CC5380ED23218690002E6FF8 /* SellYourItemEndPresenter.swift */ = {isa = PBXFileReference; fileEncoding = 4; lastKnownFileType = sourcecode.swift; path = SellYourItemEndPresenter.swift; sourceTree = "<group>"; };
		CC5380EF232186B5002E6FF8 /* SellYourItemEndView.swift */ = {isa = PBXFileReference; fileEncoding = 4; lastKnownFileType = sourcecode.swift; path = SellYourItemEndView.swift; sourceTree = "<group>"; };
		CC5380F12321908A002E6FF8 /* SellYourItemThirdViewController.swift */ = {isa = PBXFileReference; fileEncoding = 4; lastKnownFileType = sourcecode.swift; path = SellYourItemThirdViewController.swift; sourceTree = "<group>"; };
		CC5380F3232199D2002E6FF8 /* Appartment.swift */ = {isa = PBXFileReference; fileEncoding = 4; lastKnownFileType = sourcecode.swift; path = Appartment.swift; sourceTree = "<group>"; };
		CC5380F523219C56002E6FF8 /* SellYourItemThirdPresenter.swift */ = {isa = PBXFileReference; fileEncoding = 4; lastKnownFileType = sourcecode.swift; path = SellYourItemThirdPresenter.swift; sourceTree = "<group>"; };
		CC5380F823219D19002E6FF8 /* SellYourItemThirdView.swift */ = {isa = PBXFileReference; fileEncoding = 4; lastKnownFileType = sourcecode.swift; path = SellYourItemThirdView.swift; sourceTree = "<group>"; };
		CC6861FC231B369D00C8F4FF /* SellYourItemPresenter.swift */ = {isa = PBXFileReference; fileEncoding = 4; lastKnownFileType = sourcecode.swift; path = SellYourItemPresenter.swift; sourceTree = "<group>"; };
		CC6861FE231B36FE00C8F4FF /* SellYourItemView.swift */ = {isa = PBXFileReference; fileEncoding = 4; lastKnownFileType = sourcecode.swift; path = SellYourItemView.swift; sourceTree = "<group>"; };
		CC686200231B386200C8F4FF /* SellYourItemInteractor.swift */ = {isa = PBXFileReference; fileEncoding = 4; lastKnownFileType = sourcecode.swift; path = SellYourItemInteractor.swift; sourceTree = "<group>"; };
		CC6B8D13232E874E005D45FC /* ConversationTableViewCell.swift */ = {isa = PBXFileReference; fileEncoding = 4; lastKnownFileType = sourcecode.swift; path = ConversationTableViewCell.swift; sourceTree = "<group>"; };
		CC6B8D15232E89A2005D45FC /* ConversationCellView.swift */ = {isa = PBXFileReference; fileEncoding = 4; lastKnownFileType = sourcecode.swift; path = ConversationCellView.swift; sourceTree = "<group>"; };
		CC6C6FEE230CF03D00D421CB /* OffersViewController+CellSpaceDelegate.swift */ = {isa = PBXFileReference; fileEncoding = 4; lastKnownFileType = sourcecode.swift; path = "OffersViewController+CellSpaceDelegate.swift"; sourceTree = "<group>"; };
		CC7167C8231F014E00F0BC00 /* SellYourItemSecondPresenter.swift */ = {isa = PBXFileReference; fileEncoding = 4; lastKnownFileType = sourcecode.swift; path = SellYourItemSecondPresenter.swift; sourceTree = "<group>"; };
		CC7167CA231F06EE00F0BC00 /* SellYourItemSecondView.swift */ = {isa = PBXFileReference; fileEncoding = 4; lastKnownFileType = sourcecode.swift; path = SellYourItemSecondView.swift; sourceTree = "<group>"; };
		CC7CA915232D44C0006C5E17 /* ConverstionViewController.swift */ = {isa = PBXFileReference; fileEncoding = 4; lastKnownFileType = sourcecode.swift; path = ConverstionViewController.swift; sourceTree = "<group>"; };
		CC7CA917232D62B0006C5E17 /* Conversation.swift */ = {isa = PBXFileReference; fileEncoding = 4; lastKnownFileType = sourcecode.swift; path = Conversation.swift; sourceTree = "<group>"; };
		CC7CA919232D6B17006C5E17 /* ConsersationInteractor.swift */ = {isa = PBXFileReference; fileEncoding = 4; lastKnownFileType = sourcecode.swift; path = ConsersationInteractor.swift; sourceTree = "<group>"; };
		CC7CA91B232D74A2006C5E17 /* ConversationPresenter.swift */ = {isa = PBXFileReference; fileEncoding = 4; lastKnownFileType = sourcecode.swift; path = ConversationPresenter.swift; sourceTree = "<group>"; };
		CC7CA91D232D76BE006C5E17 /* ConversationView.swift */ = {isa = PBXFileReference; fileEncoding = 4; lastKnownFileType = sourcecode.swift; path = ConversationView.swift; sourceTree = "<group>"; };
		CC7CA91F232D7E60006C5E17 /* ConversationViewController+PresenterDelegate.swift */ = {isa = PBXFileReference; fileEncoding = 4; lastKnownFileType = sourcecode.swift; path = "ConversationViewController+PresenterDelegate.swift"; sourceTree = "<group>"; };
		CC7F1492232ACEEA0074613B /* SubCategoriesViewConteroller+PresenterDelegate.swift */ = {isa = PBXFileReference; fileEncoding = 4; lastKnownFileType = sourcecode.swift; path = "SubCategoriesViewConteroller+PresenterDelegate.swift"; sourceTree = "<group>"; };
		CC7F24172316D55400A2699C /* TextFieldIcon.swift */ = {isa = PBXFileReference; fileEncoding = 4; lastKnownFileType = sourcecode.swift; path = TextFieldIcon.swift; sourceTree = "<group>"; };
		CC8365B1230869E000A71DFC /* LuzazRouter.swift */ = {isa = PBXFileReference; fileEncoding = 4; lastKnownFileType = sourcecode.swift; path = LuzazRouter.swift; sourceTree = "<group>"; };
		CC8365B3230869FC00A71DFC /* NetworkConstants.swift */ = {isa = PBXFileReference; fileEncoding = 4; lastKnownFileType = sourcecode.swift; path = NetworkConstants.swift; sourceTree = "<group>"; };
		CC8695BF22F4F54B00E9F14D /* Luzaz.app */ = {isa = PBXFileReference; explicitFileType = wrapper.application; includeInIndex = 0; path = Luzaz.app; sourceTree = BUILT_PRODUCTS_DIR; };
		CC8695C222F4F54B00E9F14D /* AppDelegate.swift */ = {isa = PBXFileReference; lastKnownFileType = sourcecode.swift; path = AppDelegate.swift; sourceTree = "<group>"; };
		CC8695C422F4F54B00E9F14D /* ViewController.swift */ = {isa = PBXFileReference; lastKnownFileType = sourcecode.swift; path = ViewController.swift; sourceTree = "<group>"; };
		CC8695C722F4F54B00E9F14D /* Base */ = {isa = PBXFileReference; lastKnownFileType = file.storyboard; name = Base; path = Base.lproj/Main.storyboard; sourceTree = "<group>"; };
		CC8695C922F4F54B00E9F14D /* Assets.xcassets */ = {isa = PBXFileReference; lastKnownFileType = folder.assetcatalog; path = Assets.xcassets; sourceTree = "<group>"; };
		CC8695CC22F4F54B00E9F14D /* Base */ = {isa = PBXFileReference; lastKnownFileType = file.storyboard; name = Base; path = Base.lproj/LaunchScreen.storyboard; sourceTree = "<group>"; };
		CC8695CE22F4F54B00E9F14D /* Info.plist */ = {isa = PBXFileReference; lastKnownFileType = text.plist.xml; path = Info.plist; sourceTree = "<group>"; };
		CC8695D322F4F54C00E9F14D /* LuzazTests.xctest */ = {isa = PBXFileReference; explicitFileType = wrapper.cfbundle; includeInIndex = 0; path = LuzazTests.xctest; sourceTree = BUILT_PRODUCTS_DIR; };
		CC8695D722F4F54C00E9F14D /* LuzazTests.swift */ = {isa = PBXFileReference; lastKnownFileType = sourcecode.swift; path = LuzazTests.swift; sourceTree = "<group>"; };
		CC8695D922F4F54C00E9F14D /* Info.plist */ = {isa = PBXFileReference; lastKnownFileType = text.plist.xml; path = Info.plist; sourceTree = "<group>"; };
		CC8695DE22F4F54C00E9F14D /* LuzazUITests.xctest */ = {isa = PBXFileReference; explicitFileType = wrapper.cfbundle; includeInIndex = 0; path = LuzazUITests.xctest; sourceTree = BUILT_PRODUCTS_DIR; };
		CC8695E222F4F54C00E9F14D /* LuzazUITests.swift */ = {isa = PBXFileReference; lastKnownFileType = sourcecode.swift; path = LuzazUITests.swift; sourceTree = "<group>"; };
		CC8695E422F4F54C00E9F14D /* Info.plist */ = {isa = PBXFileReference; lastKnownFileType = text.plist.xml; path = Info.plist; sourceTree = "<group>"; };
		CC8695F022F4F61C00E9F14D /* SubCategoryOffersViewController.swift */ = {isa = PBXFileReference; fileEncoding = 4; lastKnownFileType = sourcecode.swift; path = SubCategoryOffersViewController.swift; sourceTree = "<group>"; };
		CC8695F122F4F61C00E9F14D /* BrowseAdViewController.swift */ = {isa = PBXFileReference; fileEncoding = 4; lastKnownFileType = sourcecode.swift; path = BrowseAdViewController.swift; sourceTree = "<group>"; };
		CC8695F322F4F61C00E9F14D /* UsersChatsViewController.swift */ = {isa = PBXFileReference; fileEncoding = 4; lastKnownFileType = sourcecode.swift; path = UsersChatsViewController.swift; sourceTree = "<group>"; };
		CC8695F522F4F61C00E9F14D /* FavouriteIViewController.swift */ = {isa = PBXFileReference; fileEncoding = 4; lastKnownFileType = sourcecode.swift; path = FavouriteIViewController.swift; sourceTree = "<group>"; };
		CC8695F622F4F61C00E9F14D /* OffersViewController.swift */ = {isa = PBXFileReference; fileEncoding = 4; lastKnownFileType = sourcecode.swift; path = OffersViewController.swift; sourceTree = "<group>"; };
		CC8695F722F4F61C00E9F14D /* HomeViewController.swift */ = {isa = PBXFileReference; fileEncoding = 4; lastKnownFileType = sourcecode.swift; path = HomeViewController.swift; sourceTree = "<group>"; };
		CC8695F822F4F61C00E9F14D /* ImageCollectionViewCell.swift */ = {isa = PBXFileReference; fileEncoding = 4; lastKnownFileType = sourcecode.swift; path = ImageCollectionViewCell.swift; sourceTree = "<group>"; };
		CC8695F922F4F61C00E9F14D /* LoginViewController.swift */ = {isa = PBXFileReference; fileEncoding = 4; lastKnownFileType = sourcecode.swift; path = LoginViewController.swift; sourceTree = "<group>"; };
		CC8695FC22F4F61C00E9F14D /* MyProductViewController.swift */ = {isa = PBXFileReference; fileEncoding = 4; lastKnownFileType = sourcecode.swift; path = MyProductViewController.swift; sourceTree = "<group>"; };
		CC8695FF22F4F61C00E9F14D /* ProductScreendetailsViewController.swift */ = {isa = PBXFileReference; fileEncoding = 4; lastKnownFileType = sourcecode.swift; path = ProductScreendetailsViewController.swift; sourceTree = "<group>"; };
		CC86960022F4F61C00E9F14D /* ProductViewController.swift */ = {isa = PBXFileReference; fileEncoding = 4; lastKnownFileType = sourcecode.swift; path = ProductViewController.swift; sourceTree = "<group>"; };
		CC86960122F4F61C00E9F14D /* RegisterationStatusViewController.swift */ = {isa = PBXFileReference; fileEncoding = 4; lastKnownFileType = sourcecode.swift; path = RegisterationStatusViewController.swift; sourceTree = "<group>"; };
		CC86960222F4F61C00E9F14D /* SellYourItemEndViewController.swift */ = {isa = PBXFileReference; fileEncoding = 4; lastKnownFileType = sourcecode.swift; path = SellYourItemEndViewController.swift; sourceTree = "<group>"; };
		CC86960322F4F61C00E9F14D /* SellYourItemFifthViewController.swift */ = {isa = PBXFileReference; fileEncoding = 4; lastKnownFileType = sourcecode.swift; path = SellYourItemFifthViewController.swift; sourceTree = "<group>"; };
		CC86960422F4F61C00E9F14D /* SellYourItemFourthViewController.swift */ = {isa = PBXFileReference; fileEncoding = 4; lastKnownFileType = sourcecode.swift; path = SellYourItemFourthViewController.swift; sourceTree = "<group>"; };
		CC86960522F4F61C00E9F14D /* SellYourItemSecondViewController.swift */ = {isa = PBXFileReference; fileEncoding = 4; lastKnownFileType = sourcecode.swift; path = SellYourItemSecondViewController.swift; sourceTree = "<group>"; };
		CC86960622F4F61C00E9F14D /* SellYourItemViewController.swift */ = {isa = PBXFileReference; fileEncoding = 4; lastKnownFileType = sourcecode.swift; path = SellYourItemViewController.swift; sourceTree = "<group>"; };
		CC86960722F4F61C00E9F14D /* SubCategoriesViewController.swift */ = {isa = PBXFileReference; fileEncoding = 4; lastKnownFileType = sourcecode.swift; path = SubCategoriesViewController.swift; sourceTree = "<group>"; };
		CC86960822F4F61C00E9F14D /* TetViewController.swift */ = {isa = PBXFileReference; fileEncoding = 4; lastKnownFileType = sourcecode.swift; path = TetViewController.swift; sourceTree = "<group>"; };
		CC8E91EE23116F0900F82AB2 /* LeftSidePanelVC.swift */ = {isa = PBXFileReference; fileEncoding = 4; lastKnownFileType = sourcecode.swift; path = LeftSidePanelVC.swift; sourceTree = "<group>"; };
		CC9482E6230F7D3D0058D78A /* CountriesViewController.swift */ = {isa = PBXFileReference; fileEncoding = 4; lastKnownFileType = sourcecode.swift; path = CountriesViewController.swift; sourceTree = "<group>"; };
		CC9482E9230F7F020058D78A /* CountryTableViewCell.swift */ = {isa = PBXFileReference; fileEncoding = 4; lastKnownFileType = sourcecode.swift; path = CountryTableViewCell.swift; sourceTree = "<group>"; };
		CC9482EA230F7F020058D78A /* CountryTableViewCell.xib */ = {isa = PBXFileReference; fileEncoding = 4; lastKnownFileType = file.xib; path = CountryTableViewCell.xib; sourceTree = "<group>"; };
		CC9482EE230F805A0058D78A /* CountryPresenter.swift */ = {isa = PBXFileReference; fileEncoding = 4; lastKnownFileType = sourcecode.swift; path = CountryPresenter.swift; sourceTree = "<group>"; };
		CC9482F0230F81400058D78A /* Country.swift */ = {isa = PBXFileReference; fileEncoding = 4; lastKnownFileType = sourcecode.swift; path = Country.swift; sourceTree = "<group>"; };
		CC9482F3230F82D10058D78A /* CountryCellView.swift */ = {isa = PBXFileReference; fileEncoding = 4; lastKnownFileType = sourcecode.swift; path = CountryCellView.swift; sourceTree = "<group>"; };
		CC9482F5230F84C10058D78A /* CountryView.swift */ = {isa = PBXFileReference; fileEncoding = 4; lastKnownFileType = sourcecode.swift; path = CountryView.swift; sourceTree = "<group>"; };
		CC98EF4B2327F50300BB750F /* UIViewController+HideKeyboardDelagate.swift */ = {isa = PBXFileReference; fileEncoding = 4; lastKnownFileType = sourcecode.swift; path = "UIViewController+HideKeyboardDelagate.swift"; sourceTree = "<group>"; };
		CC9F8FB022F6162A00B86648 /* Media.xcassets */ = {isa = PBXFileReference; lastKnownFileType = folder.assetcatalog; name = Media.xcassets; path = "../../../Downloads/Luzaz 5/Luzaz/Media.xcassets"; sourceTree = "<group>"; };
		CCA9EE88232800B600351F26 /* UserChatsTableViewCell.swift */ = {isa = PBXFileReference; fileEncoding = 4; lastKnownFileType = sourcecode.swift; path = UserChatsTableViewCell.swift; sourceTree = "<group>"; };
		CCA9EE89232800B600351F26 /* UserChatsTableViewCell.xib */ = {isa = PBXFileReference; fileEncoding = 4; lastKnownFileType = file.xib; path = UserChatsTableViewCell.xib; sourceTree = "<group>"; };
		CCB406C5231816BC0099B74E /* SellYourItemViewController+PickerDelegate.swift */ = {isa = PBXFileReference; fileEncoding = 4; lastKnownFileType = sourcecode.swift; path = "SellYourItemViewController+PickerDelegate.swift"; sourceTree = "<group>"; };
		CCB8F5472313DCCD0025FEA1 /* RegistrationViewController+PresenterDelegate.swift */ = {isa = PBXFileReference; fileEncoding = 4; lastKnownFileType = sourcecode.swift; path = "RegistrationViewController+PresenterDelegate.swift"; sourceTree = "<group>"; };
		CCB8F5492313DD280025FEA1 /* RegistrationViewController+TextFieldDelegate.swift */ = {isa = PBXFileReference; fileEncoding = 4; lastKnownFileType = sourcecode.swift; path = "RegistrationViewController+TextFieldDelegate.swift"; sourceTree = "<group>"; };
		CCB8F54B2313ED620025FEA1 /* LoginPresenter.swift */ = {isa = PBXFileReference; fileEncoding = 4; lastKnownFileType = sourcecode.swift; path = LoginPresenter.swift; sourceTree = "<group>"; };
		CCB8F54D2313ED800025FEA1 /* LoginView.swift */ = {isa = PBXFileReference; fileEncoding = 4; lastKnownFileType = sourcecode.swift; path = LoginView.swift; sourceTree = "<group>"; };
		CCB8F54F2313ED800025FEA1 /* LoginViewController+PresenterDelegate.swift */ = {isa = PBXFileReference; fileEncoding = 4; lastKnownFileType = sourcecode.swift; path = "LoginViewController+PresenterDelegate.swift"; sourceTree = "<group>"; };
		CCB8F5512313ED800025FEA1 /* LoginViewController+TextField.swift */ = {isa = PBXFileReference; fileEncoding = 4; lastKnownFileType = sourcecode.swift; path = "LoginViewController+TextField.swift"; sourceTree = "<group>"; };
		CCB8F5532313ED800025FEA1 /* LoginViewController+TextFieldDelegate.swift */ = {isa = PBXFileReference; fileEncoding = 4; lastKnownFileType = sourcecode.swift; path = "LoginViewController+TextFieldDelegate.swift"; sourceTree = "<group>"; };
		CCBAB85F230A040500B33A36 /* OffersViewController+PresenterDelagate.swift */ = {isa = PBXFileReference; fileEncoding = 4; lastKnownFileType = sourcecode.swift; path = "OffersViewController+PresenterDelagate.swift"; sourceTree = "<group>"; };
		CCC123B4230AEEFC0033BD18 /* OffersCell.swift */ = {isa = PBXFileReference; fileEncoding = 4; lastKnownFileType = sourcecode.swift; path = OffersCell.swift; sourceTree = "<group>"; };
		CCC123B5230AEEFC0033BD18 /* OffersCell.xib */ = {isa = PBXFileReference; fileEncoding = 4; lastKnownFileType = file.xib; path = OffersCell.xib; sourceTree = "<group>"; };
		CCCED999232AD43F00148694 /* SubCategoriesPresenter.swift */ = {isa = PBXFileReference; fileEncoding = 4; lastKnownFileType = sourcecode.swift; path = SubCategoriesPresenter.swift; sourceTree = "<group>"; };
		CCCED99B232AD46A00148694 /* SubCategoriesInteractor.swift */ = {isa = PBXFileReference; fileEncoding = 4; lastKnownFileType = sourcecode.swift; path = SubCategoriesInteractor.swift; sourceTree = "<group>"; };
		CCCED99D232AD4A900148694 /* SubCategoriesView.swift */ = {isa = PBXFileReference; fileEncoding = 4; lastKnownFileType = sourcecode.swift; path = SubCategoriesView.swift; sourceTree = "<group>"; };
		CCDA9B202313133F001525F8 /* UserInteractor.swift */ = {isa = PBXFileReference; fileEncoding = 4; lastKnownFileType = sourcecode.swift; path = UserInteractor.swift; sourceTree = "<group>"; };
		CCDA9B222313137A001525F8 /* User.swift */ = {isa = PBXFileReference; fileEncoding = 4; lastKnownFileType = sourcecode.swift; path = User.swift; sourceTree = "<group>"; };
		CCDA9B24231320FC001525F8 /* RegistrationPresenter.swift */ = {isa = PBXFileReference; fileEncoding = 4; lastKnownFileType = sourcecode.swift; path = RegistrationPresenter.swift; sourceTree = "<group>"; };
		CCDA9B2623132126001525F8 /* RegistrationView.swift */ = {isa = PBXFileReference; fileEncoding = 4; lastKnownFileType = sourcecode.swift; path = RegistrationView.swift; sourceTree = "<group>"; };
		CCE369AB230BFD57008CAC35 /* ContainerVC.swift */ = {isa = PBXFileReference; fileEncoding = 4; lastKnownFileType = sourcecode.swift; path = ContainerVC.swift; sourceTree = "<group>"; };
		CCE369B0230BFFB1008CAC35 /* CenterVCDelegate.swift */ = {isa = PBXFileReference; fileEncoding = 4; lastKnownFileType = sourcecode.swift; path = CenterVCDelegate.swift; sourceTree = "<group>"; };
		CCF0C33522F5AE09003511CD /* RegisterViewController.swift */ = {isa = PBXFileReference; fileEncoding = 4; lastKnownFileType = sourcecode.swift; path = RegisterViewController.swift; sourceTree = "<group>"; };
		CCF1BBC62316AFF000B1FA16 /* OffersVC+SearchDelegate.swift */ = {isa = PBXFileReference; fileEncoding = 4; lastKnownFileType = sourcecode.swift; path = "OffersVC+SearchDelegate.swift"; sourceTree = "<group>"; };
		D247A977BEF427E2F2481396 /* Pods_LuzazTests.framework */ = {isa = PBXFileReference; explicitFileType = wrapper.framework; includeInIndex = 0; path = Pods_LuzazTests.framework; sourceTree = BUILT_PRODUCTS_DIR; };
		E34F3A2E495180620BBEA816 /* Pods-LuzazTests.release.xcconfig */ = {isa = PBXFileReference; includeInIndex = 1; lastKnownFileType = text.xcconfig; name = "Pods-LuzazTests.release.xcconfig"; path = "Target Support Files/Pods-LuzazTests/Pods-LuzazTests.release.xcconfig"; sourceTree = "<group>"; };
		E8EBA106D88C342C3A092D61 /* Pods_Luzaz.framework */ = {isa = PBXFileReference; explicitFileType = wrapper.framework; includeInIndex = 0; path = Pods_Luzaz.framework; sourceTree = BUILT_PRODUCTS_DIR; };
		FD9E23ED21F7DA46284A61F3 /* Pods-Luzaz.release.xcconfig */ = {isa = PBXFileReference; includeInIndex = 1; lastKnownFileType = text.xcconfig; name = "Pods-Luzaz.release.xcconfig"; path = "Target Support Files/Pods-Luzaz/Pods-Luzaz.release.xcconfig"; sourceTree = "<group>"; };
/* End PBXFileReference section */

/* Begin PBXFrameworksBuildPhase section */
		CC8695BC22F4F54B00E9F14D /* Frameworks */ = {
			isa = PBXFrameworksBuildPhase;
			buildActionMask = 2147483647;
			files = (
				37519FBFD3D8A2D3F8B11DF8 /* Pods_Luzaz.framework in Frameworks */,
			);
			runOnlyForDeploymentPostprocessing = 0;
		};
		CC8695D022F4F54C00E9F14D /* Frameworks */ = {
			isa = PBXFrameworksBuildPhase;
			buildActionMask = 2147483647;
			files = (
				2C56528155AF5CA19D92F859 /* Pods_LuzazTests.framework in Frameworks */,
			);
			runOnlyForDeploymentPostprocessing = 0;
		};
		CC8695DB22F4F54C00E9F14D /* Frameworks */ = {
			isa = PBXFrameworksBuildPhase;
			buildActionMask = 2147483647;
			files = (
				75FA5624498EF303E4A5E88E /* Pods_LuzazUITests.framework in Frameworks */,
			);
			runOnlyForDeploymentPostprocessing = 0;
		};
/* End PBXFrameworksBuildPhase section */

/* Begin PBXGroup section */
		A6BCC2E1C359FB1EF78F17DA /* Pods */ = {
			isa = PBXGroup;
			children = (
				100670FC2F7EE42B7821D67F /* Pods-Luzaz.debug.xcconfig */,
				FD9E23ED21F7DA46284A61F3 /* Pods-Luzaz.release.xcconfig */,
				4DF2B521000D8C5E179AD6D5 /* Pods-LuzazTests.debug.xcconfig */,
				E34F3A2E495180620BBEA816 /* Pods-LuzazTests.release.xcconfig */,
				8E56E4FA24B2B696BB1F3AFC /* Pods-LuzazUITests.debug.xcconfig */,
				56BDBA5BF56B31B6330EC880 /* Pods-LuzazUITests.release.xcconfig */,
			);
			path = Pods;
			sourceTree = "<group>";
		};
		ACC209B9EF0EA9ACF910A13A /* Frameworks */ = {
			isa = PBXGroup;
			children = (
				E8EBA106D88C342C3A092D61 /* Pods_Luzaz.framework */,
				D247A977BEF427E2F2481396 /* Pods_LuzazTests.framework */,
				A572FCD7502747F2B33B2A7B /* Pods_LuzazUITests.framework */,
			);
			name = Frameworks;
			sourceTree = "<group>";
		};
		CC07BFAA2309C1B900E83B0D /* Presenter */ = {
			isa = PBXGroup;
			children = (
				CC07BFAB2309C1F200E83B0D /* OffersView.swift */,
				CC07BFAD2309C21000E83B0D /* OffersCellView.swift */,
				CC07BFAF2309C23800E83B0D /* OffersPresenter.swift */,
				CCBAB85F230A040500B33A36 /* OffersViewController+PresenterDelagate.swift */,
			);
			name = Presenter;
			sourceTree = "<group>";
		};
		CC07BFB52309C3D700E83B0D /* CollectionViewCell */ = {
			isa = PBXGroup;
			children = (
				CCC123B4230AEEFC0033BD18 /* OffersCell.swift */,
				CCC123B5230AEEFC0033BD18 /* OffersCell.xib */,
			);
			name = CollectionViewCell;
			sourceTree = "<group>";
		};
		CC07DBF7232EF21D0035AAC7 /* SubCategroiesOffers */ = {
			isa = PBXGroup;
			children = (
				CC07DBFE232EF6BF0035AAC7 /* TableViewCell */,
				CC8695F022F4F61C00E9F14D /* SubCategoryOffersViewController.swift */,
				CC07DBF9232EF2490035AAC7 /* Interactor */,
				CC07DBF8232EF23D0035AAC7 /* Presenter */,
			);
			name = SubCategroiesOffers;
			sourceTree = "<group>";
		};
		CC07DBF8232EF23D0035AAC7 /* Presenter */ = {
			isa = PBXGroup;
			children = (
				CC07DBFC232EF3A20035AAC7 /* SubCategoryOffersPresenter.swift */,
				CC07DC05232EF74B0035AAC7 /* SubCategoryOffersView.swift */,
			);
			name = Presenter;
			sourceTree = "<group>";
		};
		CC07DBF9232EF2490035AAC7 /* Interactor */ = {
			isa = PBXGroup;
			children = (
				CC07DBFA232EF2DE0035AAC7 /* SubCategoryOffersInteractor.swift */,
			);
			name = Interactor;
			sourceTree = "<group>";
		};
		CC07DBFE232EF6BF0035AAC7 /* TableViewCell */ = {
			isa = PBXGroup;
			children = (
				CC07DBFF232EF6F90035AAC7 /* SubCategoryOffersTableViewCell.swift */,
				CC07DC00232EF6F90035AAC7 /* SubCategoryOffersTableViewCell.xib */,
				CC07DC03232EF7260035AAC7 /* SubCategoryOffersCellView.swift */,
			);
			name = TableViewCell;
			sourceTree = "<group>";
		};
		CC08B0452328136A003132E2 /* Presenter */ = {
			isa = PBXGroup;
			children = (
				CC08B04A23281AA4003132E2 /* Protocol */,
				CC08B04B23281ACC003132E2 /* UsersChatsPresenter.swift */,
				CC08B05023283C53003132E2 /* UsersChatsViewController+PresetnerDelegate.swift */,
			);
			name = Presenter;
			sourceTree = "<group>";
		};
		CC08B04A23281AA4003132E2 /* Protocol */ = {
			isa = PBXGroup;
			children = (
				CC08B04823281487003132E2 /* UsersChatsView.swift */,
				CC08B046232813A0003132E2 /* UsersChatsCellView.swift */,
			);
			name = Protocol;
			sourceTree = "<group>";
		};
		CC08B04D23283407003132E2 /* Interactor */ = {
			isa = PBXGroup;
			children = (
				CC08B04E23283434003132E2 /* UsersChatsInteractor.swift */,
			);
			name = Interactor;
			sourceTree = "<group>";
		};
		CC0D3B7B2329403600C9DD70 /* Categories */ = {
			isa = PBXGroup;
			children = (
				CC07DBF7232EF21D0035AAC7 /* SubCategroiesOffers */,
				CC0D3B94232988ED00C9DD70 /* SubCategories */,
				CC0D3B7C2329404A00C9DD70 /* MainCategories */,
			);
			name = Categories;
			sourceTree = "<group>";
		};
		CC0D3B7C2329404A00C9DD70 /* MainCategories */ = {
			isa = PBXGroup;
			children = (
				CC0D3B8F23295CF800C9DD70 /* CollectionViewCell */,
				CC0D3B84232943D000C9DD70 /* Protocols */,
				CC0D3B7E2329406700C9DD70 /* Interactor */,
				CC0D3B7D2329405B00C9DD70 /* Presenter */,
				CC0D3B7F232940EA00C9DD70 /* MainCateogriesViewController.swift */,
				CC0D3B8D23294FF600C9DD70 /* MainCategoriesViewController+PresenterDelegate.swift */,
			);
			name = MainCategories;
			sourceTree = "<group>";
		};
		CC0D3B7D2329405B00C9DD70 /* Presenter */ = {
			isa = PBXGroup;
			children = (
				CC0D3B812329439500C9DD70 /* MainCategoriesPresenter.swift */,
			);
			name = Presenter;
			sourceTree = "<group>";
		};
		CC0D3B7E2329406700C9DD70 /* Interactor */ = {
			isa = PBXGroup;
			children = (
				CC0D3B89232944EE00C9DD70 /* MainCategoriesInteractor.swift */,
			);
			name = Interactor;
			sourceTree = "<group>";
		};
		CC0D3B84232943D000C9DD70 /* Protocols */ = {
			isa = PBXGroup;
			children = (
				CC0D3B852329440500C9DD70 /* MainCategoriesView.swift */,
				CC0D3B872329442E00C9DD70 /* MainCategoriesCellView.swift */,
			);
			name = Protocols;
			sourceTree = "<group>";
		};
		CC0D3B8F23295CF800C9DD70 /* CollectionViewCell */ = {
			isa = PBXGroup;
			children = (
				CC0D3B9023295D3800C9DD70 /* MainCateoriesCollectionViewCell.swift */,
				CC0D3B9123295D3800C9DD70 /* MainCateoriesCollectionViewCell.xib */,
			);
			name = CollectionViewCell;
			sourceTree = "<group>";
		};
		CC0D3B94232988ED00C9DD70 /* SubCategories */ = {
			isa = PBXGroup;
			children = (
				CC86960722F4F61C00E9F14D /* SubCategoriesViewController.swift */,
				CC0D3B972329893700C9DD70 /* Protocols */,
				CC0D3B962329892700C9DD70 /* Presenter */,
				CC0D3B952329890500C9DD70 /* Interactor */,
				CC7F1492232ACEEA0074613B /* SubCategoriesViewConteroller+PresenterDelegate.swift */,
			);
			name = SubCategories;
			sourceTree = "<group>";
		};
		CC0D3B952329890500C9DD70 /* Interactor */ = {
			isa = PBXGroup;
			children = (
				CCCED99B232AD46A00148694 /* SubCategoriesInteractor.swift */,
			);
			name = Interactor;
			sourceTree = "<group>";
		};
		CC0D3B962329892700C9DD70 /* Presenter */ = {
			isa = PBXGroup;
			children = (
				CCCED999232AD43F00148694 /* SubCategoriesPresenter.swift */,
			);
			name = Presenter;
			sourceTree = "<group>";
		};
		CC0D3B972329893700C9DD70 /* Protocols */ = {
			isa = PBXGroup;
			children = (
				CCCED99D232AD4A900148694 /* SubCategoriesView.swift */,
			);
			name = Protocols;
			sourceTree = "<group>";
		};
		CC0F9E67231D943600280C0A /* Extensions */ = {
			isa = PBXGroup;
			children = (
				CCB406C5231816BC0099B74E /* SellYourItemViewController+PickerDelegate.swift */,
			);
			name = Extensions;
			sourceTree = "<group>";
		};
		CC2379EC2310A79200923D59 /* Languages */ = {
			isa = PBXGroup;
			children = (
				CC2379ED2310A7D000923D59 /* LanguagesViewController.swift */,
			);
			name = Languages;
			sourceTree = "<group>";
		};
		CC52DCFA23096C9900981C31 /* Scenes */ = {
			isa = PBXGroup;
			children = (
				CC0D3B7B2329403600C9DD70 /* Categories */,
				CCA9EE862328001F00351F26 /* Chat */,
				CCB406C4231815F50099B74E /* Sell Your Items */,
				CCDA9B1B2313123B001525F8 /* Authentication */,
				CC9482E5230F7D020058D78A /* Countries */,
				CCE369AF230BFF8A008CAC35 /* LeftSidePanel */,
				CC52DCFB23096CF000981C31 /* Offers */,
			);
			name = Scenes;
			sourceTree = "<group>";
		};
		CC52DCFB23096CF000981C31 /* Offers */ = {
			isa = PBXGroup;
			children = (
				CC05BEAD230AF8DA006CE43D /* OffersDetailsViewController.swift */,
				CC8695F622F4F61C00E9F14D /* OffersViewController.swift */,
				CC07BFB52309C3D700E83B0D /* CollectionViewCell */,
				CC07BFAA2309C1B900E83B0D /* Presenter */,
				CC52DCFC23096F6500981C31 /* Interactor */,
				CC6C6FEE230CF03D00D421CB /* OffersViewController+CellSpaceDelegate.swift */,
				CCF1BBC62316AFF000B1FA16 /* OffersVC+SearchDelegate.swift */,
			);
			name = Offers;
			sourceTree = "<group>";
		};
		CC52DCFC23096F6500981C31 /* Interactor */ = {
			isa = PBXGroup;
			children = (
				CC52DCFD23096F9C00981C31 /* OffersInteractor.swift */,
			);
			name = Interactor;
			sourceTree = "<group>";
		};
		CC52DCFF230970DA00981C31 /* Model */ = {
			isa = PBXGroup;
			children = (
				CC52DD00230970E900981C31 /* Offer.swift */,
				CC9482F0230F81400058D78A /* Country.swift */,
				CCDA9B222313137A001525F8 /* User.swift */,
				CC5380F3232199D2002E6FF8 /* Appartment.swift */,
				CC0D3B8B2329491E00C9DD70 /* Category.swift */,
				CC7CA917232D62B0006C5E17 /* Conversation.swift */,
			);
			name = Model;
			sourceTree = "<group>";
		};
		CC5380DB23215000002E6FF8 /* ThirdViewController */ = {
			isa = PBXGroup;
			children = (
				CC5380F723219C7C002E6FF8 /* Presenter */,
				CC5380F12321908A002E6FF8 /* SellYourItemThirdViewController.swift */,
			);
			name = ThirdViewController;
			sourceTree = "<group>";
		};
		CC5380DC2321516F002E6FF8 /* FourthViewController */ = {
			isa = PBXGroup;
			children = (
				CC5380E22321532E002E6FF8 /* Extension */,
				CC5380DD23215206002E6FF8 /* Presenter */,
				CC86960422F4F61C00E9F14D /* SellYourItemFourthViewController.swift */,
			);
			name = FourthViewController;
			sourceTree = "<group>";
		};
		CC5380DD23215206002E6FF8 /* Presenter */ = {
			isa = PBXGroup;
			children = (
				CC5380DE23215298002E6FF8 /* SellYourItemFourthPresenter.swift */,
				CC5380E0232152E1002E6FF8 /* SellYourItemFourthView.swift */,
			);
			name = Presenter;
			sourceTree = "<group>";
		};
		CC5380E22321532E002E6FF8 /* Extension */ = {
			isa = PBXGroup;
			children = (
				CC5380E323215534002E6FF8 /* SellYourItemFourthViewCotroller+PickerDelegate.swift */,
			);
			name = Extension;
			sourceTree = "<group>";
		};
		CC5380E523217B3B002E6FF8 /* FifthViewController */ = {
			isa = PBXGroup;
			children = (
				CC86960322F4F61C00E9F14D /* SellYourItemFifthViewController.swift */,
				CC5380E623217B58002E6FF8 /* Presenter */,
			);
			name = FifthViewController;
			sourceTree = "<group>";
		};
		CC5380E623217B58002E6FF8 /* Presenter */ = {
			isa = PBXGroup;
			children = (
				CC5380E723217DA1002E6FF8 /* SellYourItemFifthPresenter.swift */,
				CC5380E923217DFE002E6FF8 /* SellYourItemFifthView.swift */,
			);
			name = Presenter;
			sourceTree = "<group>";
		};
		CC5380EB2321862F002E6FF8 /* EndViewController */ = {
			isa = PBXGroup;
			children = (
				CC86960222F4F61C00E9F14D /* SellYourItemEndViewController.swift */,
				CC5380EC2321864A002E6FF8 /* Presenter */,
			);
			name = EndViewController;
			sourceTree = "<group>";
		};
		CC5380EC2321864A002E6FF8 /* Presenter */ = {
			isa = PBXGroup;
			children = (
				CC5380ED23218690002E6FF8 /* SellYourItemEndPresenter.swift */,
				CC5380EF232186B5002E6FF8 /* SellYourItemEndView.swift */,
			);
			name = Presenter;
			sourceTree = "<group>";
		};
		CC5380F723219C7C002E6FF8 /* Presenter */ = {
			isa = PBXGroup;
			children = (
				CC5380F523219C56002E6FF8 /* SellYourItemThirdPresenter.swift */,
				CC5380F823219D19002E6FF8 /* SellYourItemThirdView.swift */,
			);
			name = Presenter;
			sourceTree = "<group>";
		};
		CC6861FA231B362900C8F4FF /* Interactor */ = {
			isa = PBXGroup;
			children = (
				CC686200231B386200C8F4FF /* SellYourItemInteractor.swift */,
			);
			name = Interactor;
			sourceTree = "<group>";
		};
		CC6861FB231B364400C8F4FF /* Presenter */ = {
			isa = PBXGroup;
			children = (
				CC6861FC231B369D00C8F4FF /* SellYourItemPresenter.swift */,
				CC6861FE231B36FE00C8F4FF /* SellYourItemView.swift */,
			);
			name = Presenter;
			sourceTree = "<group>";
		};
		CC6B8D12232E8716005D45FC /* TableViewCell */ = {
			isa = PBXGroup;
			children = (
				CC6B8D13232E874E005D45FC /* ConversationTableViewCell.swift */,
				CC6B8D15232E89A2005D45FC /* ConversationCellView.swift */,
			);
			name = TableViewCell;
			sourceTree = "<group>";
		};
		CC7167C4231EFF6900F0BC00 /* FirstViewController */ = {
			isa = PBXGroup;
			children = (
				CC86960622F4F61C00E9F14D /* SellYourItemViewController.swift */,
				CC0F9E67231D943600280C0A /* Extensions */,
				CC6861FB231B364400C8F4FF /* Presenter */,
			);
			name = FirstViewController;
			sourceTree = "<group>";
		};
		CC7167C5231F004500F0BC00 /* SecondViewController */ = {
			isa = PBXGroup;
			children = (
				CC7167C7231F00FF00F0BC00 /* Presenter */,
				CC86960522F4F61C00E9F14D /* SellYourItemSecondViewController.swift */,
				CC7167C6231F007500F0BC00 /* Extenstion */,
			);
			name = SecondViewController;
			sourceTree = "<group>";
		};
		CC7167C6231F007500F0BC00 /* Extenstion */ = {
			isa = PBXGroup;
			children = (
				CC0F9E68231D949800280C0A /* SellYourItemSecondViewCotroller+PickerDelegate.swift */,
			);
			name = Extenstion;
			sourceTree = "<group>";
		};
		CC7167C7231F00FF00F0BC00 /* Presenter */ = {
			isa = PBXGroup;
			children = (
				CC7167C8231F014E00F0BC00 /* SellYourItemSecondPresenter.swift */,
				CC7167CA231F06EE00F0BC00 /* SellYourItemSecondView.swift */,
			);
			name = Presenter;
			sourceTree = "<group>";
		};
		CC7CA912232D43EB006C5E17 /* Conversions */ = {
			isa = PBXGroup;
			children = (
				CC6B8D12232E8716005D45FC /* TableViewCell */,
				CC7CA914232D440E006C5E17 /* Presenter */,
				CC7CA913232D4405006C5E17 /* Interactor */,
				CC7CA915232D44C0006C5E17 /* ConverstionViewController.swift */,
				CC7CA91F232D7E60006C5E17 /* ConversationViewController+PresenterDelegate.swift */,
			);
			name = Conversions;
			sourceTree = "<group>";
		};
		CC7CA913232D4405006C5E17 /* Interactor */ = {
			isa = PBXGroup;
			children = (
				CC7CA919232D6B17006C5E17 /* ConsersationInteractor.swift */,
			);
			name = Interactor;
			sourceTree = "<group>";
		};
		CC7CA914232D440E006C5E17 /* Presenter */ = {
			isa = PBXGroup;
			children = (
				CC7CA91B232D74A2006C5E17 /* ConversationPresenter.swift */,
				CC7CA91D232D76BE006C5E17 /* ConversationView.swift */,
			);
			name = Presenter;
			sourceTree = "<group>";
		};
		CC8365B0230869C300A71DFC /* Network */ = {
			isa = PBXGroup;
			children = (
				CC8365B1230869E000A71DFC /* LuzazRouter.swift */,
				CC8365B3230869FC00A71DFC /* NetworkConstants.swift */,
			);
			name = Network;
			sourceTree = "<group>";
		};
		CC8695B622F4F54B00E9F14D = {
			isa = PBXGroup;
			children = (
				CC8695C122F4F54B00E9F14D /* Luzaz */,
				CC8695D622F4F54C00E9F14D /* LuzazTests */,
				CC8695E122F4F54C00E9F14D /* LuzazUITests */,
				CC8695C022F4F54B00E9F14D /* Products */,
				A6BCC2E1C359FB1EF78F17DA /* Pods */,
				ACC209B9EF0EA9ACF910A13A /* Frameworks */,
			);
			sourceTree = "<group>";
		};
		CC8695C022F4F54B00E9F14D /* Products */ = {
			isa = PBXGroup;
			children = (
				CC8695BF22F4F54B00E9F14D /* Luzaz.app */,
				CC8695D322F4F54C00E9F14D /* LuzazTests.xctest */,
				CC8695DE22F4F54C00E9F14D /* LuzazUITests.xctest */,
			);
			name = Products;
			sourceTree = "<group>";
		};
		CC8695C122F4F54B00E9F14D /* Luzaz */ = {
			isa = PBXGroup;
			children = (
				CC52DCFF230970DA00981C31 /* Model */,
				CC52DCFA23096C9900981C31 /* Scenes */,
				CC8365B0230869C300A71DFC /* Network */,
				CC8695F122F4F61C00E9F14D /* BrowseAdViewController.swift */,
				CC8695F522F4F61C00E9F14D /* FavouriteIViewController.swift */,
				CC8695F722F4F61C00E9F14D /* HomeViewController.swift */,
				CC8695F822F4F61C00E9F14D /* ImageCollectionViewCell.swift */,
				CC8695FC22F4F61C00E9F14D /* MyProductViewController.swift */,
				CC8695FF22F4F61C00E9F14D /* ProductScreendetailsViewController.swift */,
				CC86960022F4F61C00E9F14D /* ProductViewController.swift */,
				CC86960122F4F61C00E9F14D /* RegisterationStatusViewController.swift */,
				CC86960822F4F61C00E9F14D /* TetViewController.swift */,
				CC8695C222F4F54B00E9F14D /* AppDelegate.swift */,
				CC8695C422F4F54B00E9F14D /* ViewController.swift */,
				CC8695C622F4F54B00E9F14D /* Main.storyboard */,
				CC8695C922F4F54B00E9F14D /* Assets.xcassets */,
				CC9F8FB022F6162A00B86648 /* Media.xcassets */,
				CC8695CB22F4F54B00E9F14D /* LaunchScreen.storyboard */,
				CC8695CE22F4F54B00E9F14D /* Info.plist */,
				CC1CE17E230B1CF500FCFFC0 /* Localizable.strings */,
				CC98EF4B2327F50300BB750F /* UIViewController+HideKeyboardDelagate.swift */,
			);
			path = Luzaz;
			sourceTree = "<group>";
		};
		CC8695D622F4F54C00E9F14D /* LuzazTests */ = {
			isa = PBXGroup;
			children = (
				CC8695D722F4F54C00E9F14D /* LuzazTests.swift */,
				CC8695D922F4F54C00E9F14D /* Info.plist */,
			);
			path = LuzazTests;
			sourceTree = "<group>";
		};
		CC8695E122F4F54C00E9F14D /* LuzazUITests */ = {
			isa = PBXGroup;
			children = (
				CC8695E222F4F54C00E9F14D /* LuzazUITests.swift */,
				CC8695E422F4F54C00E9F14D /* Info.plist */,
			);
			path = LuzazUITests;
			sourceTree = "<group>";
		};
		CC9482E5230F7D020058D78A /* Countries */ = {
			isa = PBXGroup;
			children = (
				CC9482ED230F7FD70058D78A /* Presenter */,
				CC9482E8230F7EA90058D78A /* TableViewCell */,
				CC9482E6230F7D3D0058D78A /* CountriesViewController.swift */,
			);
			name = Countries;
			sourceTree = "<group>";
		};
		CC9482E8230F7EA90058D78A /* TableViewCell */ = {
			isa = PBXGroup;
			children = (
				CC9482E9230F7F020058D78A /* CountryTableViewCell.swift */,
				CC9482EA230F7F020058D78A /* CountryTableViewCell.xib */,
			);
			name = TableViewCell;
			sourceTree = "<group>";
		};
		CC9482ED230F7FD70058D78A /* Presenter */ = {
			isa = PBXGroup;
			children = (
				CC9482F2230F82B00058D78A /* Protocol */,
				CC9482EE230F805A0058D78A /* CountryPresenter.swift */,
			);
			name = Presenter;
			sourceTree = "<group>";
		};
		CC9482F2230F82B00058D78A /* Protocol */ = {
			isa = PBXGroup;
			children = (
				CC9482F3230F82D10058D78A /* CountryCellView.swift */,
				CC9482F5230F84C10058D78A /* CountryView.swift */,
			);
			name = Protocol;
			sourceTree = "<group>";
		};
		CCA9EE862328001F00351F26 /* Chat */ = {
			isa = PBXGroup;
			children = (
				CC7CA912232D43EB006C5E17 /* Conversions */,
				CCA9EE872328002A00351F26 /* UsersChats */,
			);
			name = Chat;
			sourceTree = "<group>";
		};
		CCA9EE872328002A00351F26 /* UsersChats */ = {
			isa = PBXGroup;
			children = (
				CC08B04D23283407003132E2 /* Interactor */,
				CC08B0452328136A003132E2 /* Presenter */,
				CCA9EE8C232800C000351F26 /* TableViewCell */,
				CC8695F322F4F61C00E9F14D /* UsersChatsViewController.swift */,
			);
			name = UsersChats;
			sourceTree = "<group>";
		};
		CCA9EE8C232800C000351F26 /* TableViewCell */ = {
			isa = PBXGroup;
			children = (
				CCA9EE89232800B600351F26 /* UserChatsTableViewCell.xib */,
				CCA9EE88232800B600351F26 /* UserChatsTableViewCell.swift */,
			);
			name = TableViewCell;
			sourceTree = "<group>";
		};
		CCB406C4231815F50099B74E /* Sell Your Items */ = {
			isa = PBXGroup;
			children = (
				CC5380EB2321862F002E6FF8 /* EndViewController */,
				CC5380E523217B3B002E6FF8 /* FifthViewController */,
				CC5380DC2321516F002E6FF8 /* FourthViewController */,
				CC5380DB23215000002E6FF8 /* ThirdViewController */,
				CC7167C5231F004500F0BC00 /* SecondViewController */,
				CC6861FA231B362900C8F4FF /* Interactor */,
				CC7167C4231EFF6900F0BC00 /* FirstViewController */,
			);
			name = "Sell Your Items";
			sourceTree = "<group>";
		};
		CCDA9B1B2313123B001525F8 /* Authentication */ = {
			isa = PBXGroup;
			children = (
				CCDA9B1F231312C0001525F8 /* Interactor */,
				CCDA9B1E231312A6001525F8 /* Presenter */,
				CCF0C33522F5AE09003511CD /* RegisterViewController.swift */,
				CC8695F922F4F61C00E9F14D /* LoginViewController.swift */,
				CCB8F5472313DCCD0025FEA1 /* RegistrationViewController+PresenterDelegate.swift */,
				CCB8F5492313DD280025FEA1 /* RegistrationViewController+TextFieldDelegate.swift */,
				CCB8F54F2313ED800025FEA1 /* LoginViewController+PresenterDelegate.swift */,
				CCB8F5512313ED800025FEA1 /* LoginViewController+TextField.swift */,
				CCB8F5532313ED800025FEA1 /* LoginViewController+TextFieldDelegate.swift */,
				CC7F24172316D55400A2699C /* TextFieldIcon.swift */,
				CC2379EC2310A79200923D59 /* Languages */,
			);
			name = Authentication;
			sourceTree = "<group>";
		};
		CCDA9B1E231312A6001525F8 /* Presenter */ = {
			isa = PBXGroup;
			children = (
				CCDA9B24231320FC001525F8 /* RegistrationPresenter.swift */,
				CCDA9B2623132126001525F8 /* RegistrationView.swift */,
				CCB8F54B2313ED620025FEA1 /* LoginPresenter.swift */,
				CCB8F54D2313ED800025FEA1 /* LoginView.swift */,
			);
			name = Presenter;
			sourceTree = "<group>";
		};
		CCDA9B1F231312C0001525F8 /* Interactor */ = {
			isa = PBXGroup;
			children = (
				CCDA9B202313133F001525F8 /* UserInteractor.swift */,
			);
			name = Interactor;
			sourceTree = "<group>";
		};
		CCE369AF230BFF8A008CAC35 /* LeftSidePanel */ = {
			isa = PBXGroup;
			children = (
				CC8E91EE23116F0900F82AB2 /* LeftSidePanelVC.swift */,
				CCE369AB230BFD57008CAC35 /* ContainerVC.swift */,
				CCE369B0230BFFB1008CAC35 /* CenterVCDelegate.swift */,
			);
			name = LeftSidePanel;
			sourceTree = "<group>";
		};
/* End PBXGroup section */

/* Begin PBXNativeTarget section */
		CC8695BE22F4F54B00E9F14D /* Luzaz */ = {
			isa = PBXNativeTarget;
			buildConfigurationList = CC8695E722F4F54C00E9F14D /* Build configuration list for PBXNativeTarget "Luzaz" */;
			buildPhases = (
				532419CFD342C349FC3493AF /* [CP] Check Pods Manifest.lock */,
				CC8695BB22F4F54B00E9F14D /* Sources */,
				CC8695BC22F4F54B00E9F14D /* Frameworks */,
				CC8695BD22F4F54B00E9F14D /* Resources */,
				2E8B2E41BB2A27CE17496EB1 /* [CP] Embed Pods Frameworks */,
			);
			buildRules = (
			);
			dependencies = (
			);
			name = Luzaz;
			productName = Luzaz;
			productReference = CC8695BF22F4F54B00E9F14D /* Luzaz.app */;
			productType = "com.apple.product-type.application";
		};
		CC8695D222F4F54C00E9F14D /* LuzazTests */ = {
			isa = PBXNativeTarget;
			buildConfigurationList = CC8695EA22F4F54C00E9F14D /* Build configuration list for PBXNativeTarget "LuzazTests" */;
			buildPhases = (
				26CCF250F3FDD24228761D31 /* [CP] Check Pods Manifest.lock */,
				CC8695CF22F4F54C00E9F14D /* Sources */,
				CC8695D022F4F54C00E9F14D /* Frameworks */,
				CC8695D122F4F54C00E9F14D /* Resources */,
			);
			buildRules = (
			);
			dependencies = (
				CC8695D522F4F54C00E9F14D /* PBXTargetDependency */,
			);
			name = LuzazTests;
			productName = LuzazTests;
			productReference = CC8695D322F4F54C00E9F14D /* LuzazTests.xctest */;
			productType = "com.apple.product-type.bundle.unit-test";
		};
		CC8695DD22F4F54C00E9F14D /* LuzazUITests */ = {
			isa = PBXNativeTarget;
			buildConfigurationList = CC8695ED22F4F54C00E9F14D /* Build configuration list for PBXNativeTarget "LuzazUITests" */;
			buildPhases = (
				5D7A3125A50AD0512818009D /* [CP] Check Pods Manifest.lock */,
				CC8695DA22F4F54C00E9F14D /* Sources */,
				CC8695DB22F4F54C00E9F14D /* Frameworks */,
				CC8695DC22F4F54C00E9F14D /* Resources */,
			);
			buildRules = (
			);
			dependencies = (
				CC8695E022F4F54C00E9F14D /* PBXTargetDependency */,
			);
			name = LuzazUITests;
			productName = LuzazUITests;
			productReference = CC8695DE22F4F54C00E9F14D /* LuzazUITests.xctest */;
			productType = "com.apple.product-type.bundle.ui-testing";
		};
/* End PBXNativeTarget section */

/* Begin PBXProject section */
		CC8695B722F4F54B00E9F14D /* Project object */ = {
			isa = PBXProject;
			attributes = {
				LastSwiftUpdateCheck = 0820;
				LastUpgradeCheck = 0820;
				ORGANIZATIONNAME = Luzaz;
				TargetAttributes = {
					CC8695BE22F4F54B00E9F14D = {
						CreatedOnToolsVersion = 8.2.1;
						ProvisioningStyle = Automatic;
					};
					CC8695D222F4F54C00E9F14D = {
						CreatedOnToolsVersion = 8.2.1;
						ProvisioningStyle = Automatic;
						TestTargetID = CC8695BE22F4F54B00E9F14D;
					};
					CC8695DD22F4F54C00E9F14D = {
						CreatedOnToolsVersion = 8.2.1;
						ProvisioningStyle = Automatic;
						TestTargetID = CC8695BE22F4F54B00E9F14D;
					};
				};
			};
			buildConfigurationList = CC8695BA22F4F54B00E9F14D /* Build configuration list for PBXProject "Luzaz" */;
			compatibilityVersion = "Xcode 8.0";
			developmentRegion = English;
			hasScannedForEncodings = 0;
			knownRegions = (
				en,
				Base,
			);
			mainGroup = CC8695B622F4F54B00E9F14D;
			productRefGroup = CC8695C022F4F54B00E9F14D /* Products */;
			projectDirPath = "";
			projectRoot = "";
			targets = (
				CC8695BE22F4F54B00E9F14D /* Luzaz */,
				CC8695D222F4F54C00E9F14D /* LuzazTests */,
				CC8695DD22F4F54C00E9F14D /* LuzazUITests */,
			);
		};
/* End PBXProject section */

/* Begin PBXResourcesBuildPhase section */
		CC8695BD22F4F54B00E9F14D /* Resources */ = {
			isa = PBXResourcesBuildPhase;
			buildActionMask = 2147483647;
			files = (
				CCA9EE8B232800B600351F26 /* UserChatsTableViewCell.xib in Resources */,
				CC9482EC230F7F020058D78A /* CountryTableViewCell.xib in Resources */,
				CC8695CD22F4F54B00E9F14D /* LaunchScreen.storyboard in Resources */,
				CC1CE17F230B1CF500FCFFC0 /* Localizable.strings in Resources */,
				CC0D3B9323295D3800C9DD70 /* MainCateoriesCollectionViewCell.xib in Resources */,
				CCC123B7230AEEFC0033BD18 /* OffersCell.xib in Resources */,
				CC8695CA22F4F54B00E9F14D /* Assets.xcassets in Resources */,
				CC9F8FB122F6162A00B86648 /* Media.xcassets in Resources */,
				CC8695C822F4F54B00E9F14D /* Main.storyboard in Resources */,
				CC07DC02232EF6F90035AAC7 /* SubCategoryOffersTableViewCell.xib in Resources */,
			);
			runOnlyForDeploymentPostprocessing = 0;
		};
		CC8695D122F4F54C00E9F14D /* Resources */ = {
			isa = PBXResourcesBuildPhase;
			buildActionMask = 2147483647;
			files = (
			);
			runOnlyForDeploymentPostprocessing = 0;
		};
		CC8695DC22F4F54C00E9F14D /* Resources */ = {
			isa = PBXResourcesBuildPhase;
			buildActionMask = 2147483647;
			files = (
			);
			runOnlyForDeploymentPostprocessing = 0;
		};
/* End PBXResourcesBuildPhase section */

/* Begin PBXShellScriptBuildPhase section */
		26CCF250F3FDD24228761D31 /* [CP] Check Pods Manifest.lock */ = {
			isa = PBXShellScriptBuildPhase;
			buildActionMask = 2147483647;
			files = (
			);
			inputPaths = (
				"${PODS_PODFILE_DIR_PATH}/Podfile.lock",
				"${PODS_ROOT}/Manifest.lock",
			);
			name = "[CP] Check Pods Manifest.lock";
			outputPaths = (
				"$(DERIVED_FILE_DIR)/Pods-LuzazTests-checkManifestLockResult.txt",
			);
			runOnlyForDeploymentPostprocessing = 0;
			shellPath = /bin/sh;
			shellScript = "diff \"${PODS_PODFILE_DIR_PATH}/Podfile.lock\" \"${PODS_ROOT}/Manifest.lock\" > /dev/null\nif [ $? != 0 ] ; then\n    # print error to STDERR\n    echo \"error: The sandbox is not in sync with the Podfile.lock. Run 'pod install' or update your CocoaPods installation.\" >&2\n    exit 1\nfi\n# This output is used by Xcode 'outputs' to avoid re-running this script phase.\necho \"SUCCESS\" > \"${SCRIPT_OUTPUT_FILE_0}\"\n";
			showEnvVarsInLog = 0;
		};
		2E8B2E41BB2A27CE17496EB1 /* [CP] Embed Pods Frameworks */ = {
			isa = PBXShellScriptBuildPhase;
			buildActionMask = 2147483647;
			files = (
			);
			inputPaths = (
				"${PODS_ROOT}/Target Support Files/Pods-Luzaz/Pods-Luzaz-frameworks.sh",
				"${BUILT_PRODUCTS_DIR}/Alamofire/Alamofire.framework",
				"${BUILT_PRODUCTS_DIR}/AlamofireObjectMapper/AlamofireObjectMapper.framework",
				"${BUILT_PRODUCTS_DIR}/ObjectMapper/ObjectMapper.framework",
				"${BUILT_PRODUCTS_DIR}/SDWebImage/SDWebImage.framework",
				"${BUILT_PRODUCTS_DIR}/SwiftyJSON/SwiftyJSON.framework",
			);
			name = "[CP] Embed Pods Frameworks";
			outputPaths = (
				"${TARGET_BUILD_DIR}/${FRAMEWORKS_FOLDER_PATH}/Alamofire.framework",
				"${TARGET_BUILD_DIR}/${FRAMEWORKS_FOLDER_PATH}/AlamofireObjectMapper.framework",
				"${TARGET_BUILD_DIR}/${FRAMEWORKS_FOLDER_PATH}/ObjectMapper.framework",
				"${TARGET_BUILD_DIR}/${FRAMEWORKS_FOLDER_PATH}/SDWebImage.framework",
				"${TARGET_BUILD_DIR}/${FRAMEWORKS_FOLDER_PATH}/SwiftyJSON.framework",
			);
			runOnlyForDeploymentPostprocessing = 0;
			shellPath = /bin/sh;
			shellScript = "\"${PODS_ROOT}/Target Support Files/Pods-Luzaz/Pods-Luzaz-frameworks.sh\"\n";
			showEnvVarsInLog = 0;
		};
		532419CFD342C349FC3493AF /* [CP] Check Pods Manifest.lock */ = {
			isa = PBXShellScriptBuildPhase;
			buildActionMask = 2147483647;
			files = (
			);
			inputPaths = (
				"${PODS_PODFILE_DIR_PATH}/Podfile.lock",
				"${PODS_ROOT}/Manifest.lock",
			);
			name = "[CP] Check Pods Manifest.lock";
			outputPaths = (
				"$(DERIVED_FILE_DIR)/Pods-Luzaz-checkManifestLockResult.txt",
			);
			runOnlyForDeploymentPostprocessing = 0;
			shellPath = /bin/sh;
			shellScript = "diff \"${PODS_PODFILE_DIR_PATH}/Podfile.lock\" \"${PODS_ROOT}/Manifest.lock\" > /dev/null\nif [ $? != 0 ] ; then\n    # print error to STDERR\n    echo \"error: The sandbox is not in sync with the Podfile.lock. Run 'pod install' or update your CocoaPods installation.\" >&2\n    exit 1\nfi\n# This output is used by Xcode 'outputs' to avoid re-running this script phase.\necho \"SUCCESS\" > \"${SCRIPT_OUTPUT_FILE_0}\"\n";
			showEnvVarsInLog = 0;
		};
		5D7A3125A50AD0512818009D /* [CP] Check Pods Manifest.lock */ = {
			isa = PBXShellScriptBuildPhase;
			buildActionMask = 2147483647;
			files = (
			);
			inputPaths = (
				"${PODS_PODFILE_DIR_PATH}/Podfile.lock",
				"${PODS_ROOT}/Manifest.lock",
			);
			name = "[CP] Check Pods Manifest.lock";
			outputPaths = (
				"$(DERIVED_FILE_DIR)/Pods-LuzazUITests-checkManifestLockResult.txt",
			);
			runOnlyForDeploymentPostprocessing = 0;
			shellPath = /bin/sh;
			shellScript = "diff \"${PODS_PODFILE_DIR_PATH}/Podfile.lock\" \"${PODS_ROOT}/Manifest.lock\" > /dev/null\nif [ $? != 0 ] ; then\n    # print error to STDERR\n    echo \"error: The sandbox is not in sync with the Podfile.lock. Run 'pod install' or update your CocoaPods installation.\" >&2\n    exit 1\nfi\n# This output is used by Xcode 'outputs' to avoid re-running this script phase.\necho \"SUCCESS\" > \"${SCRIPT_OUTPUT_FILE_0}\"\n";
			showEnvVarsInLog = 0;
		};
/* End PBXShellScriptBuildPhase section */

/* Begin PBXSourcesBuildPhase section */
		CC8695BB22F4F54B00E9F14D /* Sources */ = {
			isa = PBXSourcesBuildPhase;
			buildActionMask = 2147483647;
			files = (
				CC0D3B80232940EA00C9DD70 /* MainCateogriesViewController.swift in Sources */,
				CC5380F0232186B5002E6FF8 /* SellYourItemEndView.swift in Sources */,
				CC08B05123283C53003132E2 /* UsersChatsViewController+PresetnerDelegate.swift in Sources */,
				CC86961222F4F61C00E9F14D /* LoginViewController.swift in Sources */,
				CC6B8D14232E874E005D45FC /* ConversationTableViewCell.swift in Sources */,
				CC5380F4232199D2002E6FF8 /* Appartment.swift in Sources */,
				CC86961A22F4F61C00E9F14D /* RegisterationStatusViewController.swift in Sources */,
				CC98EF4C2327F50300BB750F /* UIViewController+HideKeyboardDelagate.swift in Sources */,
				CC07DC06232EF74B0035AAC7 /* SubCategoryOffersView.swift in Sources */,
				CCB8F5522313ED800025FEA1 /* LoginViewController+TextField.swift in Sources */,
				CCB8F54A2313DD280025FEA1 /* RegistrationViewController+TextFieldDelegate.swift in Sources */,
				CC9482F4230F82D10058D78A /* CountryCellView.swift in Sources */,
				CC7CA91A232D6B17006C5E17 /* ConsersationInteractor.swift in Sources */,
				CCB8F54C2313ED620025FEA1 /* LoginPresenter.swift in Sources */,
				CC5380F623219C56002E6FF8 /* SellYourItemThirdPresenter.swift in Sources */,
				CCDA9B2723132126001525F8 /* RegistrationView.swift in Sources */,
				CC07DC01232EF6F90035AAC7 /* SubCategoryOffersTableViewCell.swift in Sources */,
				CCCED99E232AD4A900148694 /* SubCategoriesView.swift in Sources */,
				CC5380E423215534002E6FF8 /* SellYourItemFourthViewCotroller+PickerDelegate.swift in Sources */,
				CC9482F6230F84C10058D78A /* CountryView.swift in Sources */,
				CCDA9B25231320FC001525F8 /* RegistrationPresenter.swift in Sources */,
				CC0D3B862329440500C9DD70 /* MainCategoriesView.swift in Sources */,
				CC9482EF230F805A0058D78A /* CountryPresenter.swift in Sources */,
				CC9482E7230F7D3D0058D78A /* CountriesViewController.swift in Sources */,
				CC07DC04232EF7260035AAC7 /* SubCategoryOffersCellView.swift in Sources */,
				CC7CA91E232D76BE006C5E17 /* ConversationView.swift in Sources */,
				CC8695C522F4F54B00E9F14D /* ViewController.swift in Sources */,
				CC7CA91C232D74A2006C5E17 /* ConversationPresenter.swift in Sources */,
				CC5380DF23215298002E6FF8 /* SellYourItemFourthPresenter.swift in Sources */,
				CC5380EA23217DFE002E6FF8 /* SellYourItemFifthView.swift in Sources */,
				CC08B047232813A0003132E2 /* UsersChatsCellView.swift in Sources */,
				CC8365B2230869E000A71DFC /* LuzazRouter.swift in Sources */,
				CC07DBFB232EF2DE0035AAC7 /* SubCategoryOffersInteractor.swift in Sources */,
				CC8E91EF23116F0900F82AB2 /* LeftSidePanelVC.swift in Sources */,
				CC6C6FEF230CF03D00D421CB /* OffersViewController+CellSpaceDelegate.swift in Sources */,
				CC86961822F4F61C00E9F14D /* ProductScreendetailsViewController.swift in Sources */,
				CC86961122F4F61C00E9F14D /* ImageCollectionViewCell.swift in Sources */,
				CCE369AC230BFD57008CAC35 /* ContainerVC.swift in Sources */,
				CCCED99A232AD43F00148694 /* SubCategoriesPresenter.swift in Sources */,
				CCDA9B212313133F001525F8 /* UserInteractor.swift in Sources */,
				CC5380EE23218690002E6FF8 /* SellYourItemEndPresenter.swift in Sources */,
				CC2379EE2310A7D000923D59 /* LanguagesViewController.swift in Sources */,
				CC52DD01230970E900981C31 /* Offer.swift in Sources */,
				CC686201231B386200C8F4FF /* SellYourItemInteractor.swift in Sources */,
				CCB8F54E2313ED800025FEA1 /* LoginView.swift in Sources */,
				CCE369B1230BFFB1008CAC35 /* CenterVCDelegate.swift in Sources */,
				CC6861FF231B36FE00C8F4FF /* SellYourItemView.swift in Sources */,
				CC07BFAE2309C21000E83B0D /* OffersCellView.swift in Sources */,
				CC86960A22F4F61C00E9F14D /* BrowseAdViewController.swift in Sources */,
				CC07BFB02309C23800E83B0D /* OffersPresenter.swift in Sources */,
				CC86961D22F4F61C00E9F14D /* SellYourItemFourthViewController.swift in Sources */,
				CC08B04F23283434003132E2 /* UsersChatsInteractor.swift in Sources */,
				CC8365B4230869FC00A71DFC /* NetworkConstants.swift in Sources */,
				CCCED99C232AD46A00148694 /* SubCategoriesInteractor.swift in Sources */,
				CC5380E1232152E1002E6FF8 /* SellYourItemFourthView.swift in Sources */,
				CC8695C322F4F54B00E9F14D /* AppDelegate.swift in Sources */,
				CC7CA918232D62B0006C5E17 /* Conversation.swift in Sources */,
				CC9482F1230F81400058D78A /* Country.swift in Sources */,
				CCA9EE8A232800B600351F26 /* UserChatsTableViewCell.swift in Sources */,
				CCBAB860230A040500B33A36 /* OffersViewController+PresenterDelagate.swift in Sources */,
				CC0F9E69231D949800280C0A /* SellYourItemSecondViewCotroller+PickerDelegate.swift in Sources */,
				CC7F1493232ACEEA0074613B /* SubCategoriesViewConteroller+PresenterDelegate.swift in Sources */,
				CCDA9B232313137A001525F8 /* User.swift in Sources */,
				CC86961B22F4F61C00E9F14D /* SellYourItemEndViewController.swift in Sources */,
				CC07DBFD232EF3A20035AAC7 /* SubCategoryOffersPresenter.swift in Sources */,
				CC0D3B9223295D3800C9DD70 /* MainCateoriesCollectionViewCell.swift in Sources */,
				CC6B8D16232E89A2005D45FC /* ConversationCellView.swift in Sources */,
				CCB8F5542313ED800025FEA1 /* LoginViewController+TextFieldDelegate.swift in Sources */,
				CC86960922F4F61C00E9F14D /* SubCategoryOffersViewController.swift in Sources */,
				CC86961022F4F61C00E9F14D /* HomeViewController.swift in Sources */,
				CC86960C22F4F61C00E9F14D /* UsersChatsViewController.swift in Sources */,
				CC86961522F4F61C00E9F14D /* MyProductViewController.swift in Sources */,
				CC0D3B8E23294FF600C9DD70 /* MainCategoriesViewController+PresenterDelegate.swift in Sources */,
				CC86960E22F4F61C00E9F14D /* FavouriteIViewController.swift in Sources */,
				CC86961E22F4F61C00E9F14D /* SellYourItemSecondViewController.swift in Sources */,
				CC86961F22F4F61C00E9F14D /* SellYourItemViewController.swift in Sources */,
				CCB8F5502313ED800025FEA1 /* LoginViewController+PresenterDelegate.swift in Sources */,
				CC7167C9231F014E00F0BC00 /* SellYourItemSecondPresenter.swift in Sources */,
				CC86961922F4F61C00E9F14D /* ProductViewController.swift in Sources */,
				CC7F24182316D55400A2699C /* TextFieldIcon.swift in Sources */,
				CC0D3B822329439500C9DD70 /* MainCategoriesPresenter.swift in Sources */,
				CC0D3B8A232944EE00C9DD70 /* MainCategoriesInteractor.swift in Sources */,
				CCF0C33622F5AE09003511CD /* RegisterViewController.swift in Sources */,
				CC05BEAE230AF8DA006CE43D /* OffersDetailsViewController.swift in Sources */,
				CC07BFAC2309C1F200E83B0D /* OffersView.swift in Sources */,
				CC6861FD231B369D00C8F4FF /* SellYourItemPresenter.swift in Sources */,
				CC52DCFE23096F9C00981C31 /* OffersInteractor.swift in Sources */,
				CCB8F5482313DCCD0025FEA1 /* RegistrationViewController+PresenterDelegate.swift in Sources */,
				CC7CA920232D7E60006C5E17 /* ConversationViewController+PresenterDelegate.swift in Sources */,
				CCC123B6230AEEFC0033BD18 /* OffersCell.swift in Sources */,
				CC08B04923281487003132E2 /* UsersChatsView.swift in Sources */,
				CC7167CB231F06EE00F0BC00 /* SellYourItemSecondView.swift in Sources */,
				CC08B04C23281ACC003132E2 /* UsersChatsPresenter.swift in Sources */,
				CC0D3B882329442E00C9DD70 /* MainCategoriesCellView.swift in Sources */,
				CCF1BBC72316AFF000B1FA16 /* OffersVC+SearchDelegate.swift in Sources */,
				CC5380F923219D19002E6FF8 /* SellYourItemThirdView.swift in Sources */,
				CC5380F22321908A002E6FF8 /* SellYourItemThirdViewController.swift in Sources */,
				CC86961C22F4F61C00E9F14D /* SellYourItemFifthViewController.swift in Sources */,
				CCB406C6231816BC0099B74E /* SellYourItemViewController+PickerDelegate.swift in Sources */,
				CC7CA916232D44C0006C5E17 /* ConverstionViewController.swift in Sources */,
				CC9482EB230F7F020058D78A /* CountryTableViewCell.swift in Sources */,
				CC5380E823217DA1002E6FF8 /* SellYourItemFifthPresenter.swift in Sources */,
				CC86960F22F4F61C00E9F14D /* OffersViewController.swift in Sources */,
				CC86962122F4F61C00E9F14D /* TetViewController.swift in Sources */,
				CC86962022F4F61C00E9F14D /* SubCategoriesViewController.swift in Sources */,
				CC0D3B8C2329491E00C9DD70 /* Category.swift in Sources */,
			);
			runOnlyForDeploymentPostprocessing = 0;
		};
		CC8695CF22F4F54C00E9F14D /* Sources */ = {
			isa = PBXSourcesBuildPhase;
			buildActionMask = 2147483647;
			files = (
				CC8695D822F4F54C00E9F14D /* LuzazTests.swift in Sources */,
			);
			runOnlyForDeploymentPostprocessing = 0;
		};
		CC8695DA22F4F54C00E9F14D /* Sources */ = {
			isa = PBXSourcesBuildPhase;
			buildActionMask = 2147483647;
			files = (
				CC8695E322F4F54C00E9F14D /* LuzazUITests.swift in Sources */,
			);
			runOnlyForDeploymentPostprocessing = 0;
		};
/* End PBXSourcesBuildPhase section */

/* Begin PBXTargetDependency section */
		CC8695D522F4F54C00E9F14D /* PBXTargetDependency */ = {
			isa = PBXTargetDependency;
			target = CC8695BE22F4F54B00E9F14D /* Luzaz */;
			targetProxy = CC8695D422F4F54C00E9F14D /* PBXContainerItemProxy */;
		};
		CC8695E022F4F54C00E9F14D /* PBXTargetDependency */ = {
			isa = PBXTargetDependency;
			target = CC8695BE22F4F54B00E9F14D /* Luzaz */;
			targetProxy = CC8695DF22F4F54C00E9F14D /* PBXContainerItemProxy */;
		};
/* End PBXTargetDependency section */

/* Begin PBXVariantGroup section */
		CC8695C622F4F54B00E9F14D /* Main.storyboard */ = {
			isa = PBXVariantGroup;
			children = (
				CC8695C722F4F54B00E9F14D /* Base */,
			);
			name = Main.storyboard;
			sourceTree = "<group>";
		};
		CC8695CB22F4F54B00E9F14D /* LaunchScreen.storyboard */ = {
			isa = PBXVariantGroup;
			children = (
				CC8695CC22F4F54B00E9F14D /* Base */,
			);
			name = LaunchScreen.storyboard;
			sourceTree = "<group>";
		};
/* End PBXVariantGroup section */

/* Begin XCBuildConfiguration section */
		CC8695E522F4F54C00E9F14D /* Debug */ = {
			isa = XCBuildConfiguration;
			buildSettings = {
				ALWAYS_SEARCH_USER_PATHS = NO;
				CLANG_ANALYZER_NONNULL = YES;
				CLANG_CXX_LANGUAGE_STANDARD = "gnu++0x";
				CLANG_CXX_LIBRARY = "libc++";
				CLANG_ENABLE_MODULES = YES;
				CLANG_ENABLE_OBJC_ARC = YES;
				CLANG_WARN_BOOL_CONVERSION = YES;
				CLANG_WARN_CONSTANT_CONVERSION = YES;
				CLANG_WARN_DIRECT_OBJC_ISA_USAGE = YES_ERROR;
				CLANG_WARN_DOCUMENTATION_COMMENTS = YES;
				CLANG_WARN_EMPTY_BODY = YES;
				CLANG_WARN_ENUM_CONVERSION = YES;
				CLANG_WARN_INFINITE_RECURSION = YES;
				CLANG_WARN_INT_CONVERSION = YES;
				CLANG_WARN_OBJC_ROOT_CLASS = YES_ERROR;
				CLANG_WARN_SUSPICIOUS_MOVE = YES;
				CLANG_WARN_UNREACHABLE_CODE = YES;
				CLANG_WARN__DUPLICATE_METHOD_MATCH = YES;
				"CODE_SIGN_IDENTITY[sdk=iphoneos*]" = "iPhone Developer";
				COPY_PHASE_STRIP = NO;
				DEBUG_INFORMATION_FORMAT = dwarf;
				ENABLE_STRICT_OBJC_MSGSEND = YES;
				ENABLE_TESTABILITY = YES;
				GCC_C_LANGUAGE_STANDARD = gnu99;
				GCC_DYNAMIC_NO_PIC = NO;
				GCC_NO_COMMON_BLOCKS = YES;
				GCC_OPTIMIZATION_LEVEL = 0;
				GCC_PREPROCESSOR_DEFINITIONS = (
					"DEBUG=1",
					"$(inherited)",
				);
				GCC_WARN_64_TO_32_BIT_CONVERSION = YES;
				GCC_WARN_ABOUT_RETURN_TYPE = YES_ERROR;
				GCC_WARN_UNDECLARED_SELECTOR = YES;
				GCC_WARN_UNINITIALIZED_AUTOS = YES_AGGRESSIVE;
				GCC_WARN_UNUSED_FUNCTION = YES;
				GCC_WARN_UNUSED_VARIABLE = YES;
				IPHONEOS_DEPLOYMENT_TARGET = 10.2;
				MTL_ENABLE_DEBUG_INFO = YES;
				ONLY_ACTIVE_ARCH = YES;
				SDKROOT = iphoneos;
				SWIFT_ACTIVE_COMPILATION_CONDITIONS = DEBUG;
				SWIFT_OPTIMIZATION_LEVEL = "-Onone";
				SWIFT_VERSION = 3.0;
			};
			name = Debug;
		};
		CC8695E622F4F54C00E9F14D /* Release */ = {
			isa = XCBuildConfiguration;
			buildSettings = {
				ALWAYS_SEARCH_USER_PATHS = NO;
				CLANG_ANALYZER_NONNULL = YES;
				CLANG_CXX_LANGUAGE_STANDARD = "gnu++0x";
				CLANG_CXX_LIBRARY = "libc++";
				CLANG_ENABLE_MODULES = YES;
				CLANG_ENABLE_OBJC_ARC = YES;
				CLANG_WARN_BOOL_CONVERSION = YES;
				CLANG_WARN_CONSTANT_CONVERSION = YES;
				CLANG_WARN_DIRECT_OBJC_ISA_USAGE = YES_ERROR;
				CLANG_WARN_DOCUMENTATION_COMMENTS = YES;
				CLANG_WARN_EMPTY_BODY = YES;
				CLANG_WARN_ENUM_CONVERSION = YES;
				CLANG_WARN_INFINITE_RECURSION = YES;
				CLANG_WARN_INT_CONVERSION = YES;
				CLANG_WARN_OBJC_ROOT_CLASS = YES_ERROR;
				CLANG_WARN_SUSPICIOUS_MOVE = YES;
				CLANG_WARN_UNREACHABLE_CODE = YES;
				CLANG_WARN__DUPLICATE_METHOD_MATCH = YES;
				"CODE_SIGN_IDENTITY[sdk=iphoneos*]" = "iPhone Developer";
				COPY_PHASE_STRIP = NO;
				DEBUG_INFORMATION_FORMAT = "dwarf-with-dsym";
				ENABLE_NS_ASSERTIONS = NO;
				ENABLE_STRICT_OBJC_MSGSEND = YES;
				GCC_C_LANGUAGE_STANDARD = gnu99;
				GCC_NO_COMMON_BLOCKS = YES;
				GCC_WARN_64_TO_32_BIT_CONVERSION = YES;
				GCC_WARN_ABOUT_RETURN_TYPE = YES_ERROR;
				GCC_WARN_UNDECLARED_SELECTOR = YES;
				GCC_WARN_UNINITIALIZED_AUTOS = YES_AGGRESSIVE;
				GCC_WARN_UNUSED_FUNCTION = YES;
				GCC_WARN_UNUSED_VARIABLE = YES;
				IPHONEOS_DEPLOYMENT_TARGET = 10.2;
				MTL_ENABLE_DEBUG_INFO = NO;
				SDKROOT = iphoneos;
				SWIFT_OPTIMIZATION_LEVEL = "-Owholemodule";
				SWIFT_VERSION = 3.0;
				VALIDATE_PRODUCT = YES;
			};
			name = Release;
		};
		CC8695E822F4F54C00E9F14D /* Debug */ = {
			isa = XCBuildConfiguration;
			baseConfigurationReference = 100670FC2F7EE42B7821D67F /* Pods-Luzaz.debug.xcconfig */;
			buildSettings = {
				ASSETCATALOG_COMPILER_APPICON_NAME = AppIcon;
				INFOPLIST_FILE = Luzaz/Info.plist;
				LD_RUNPATH_SEARCH_PATHS = "$(inherited) @executable_path/Frameworks";
				PRODUCT_BUNDLE_IDENTIFIER = Luzaz.Luzaz;
				PRODUCT_NAME = "$(TARGET_NAME)";
				SWIFT_VERSION = 3.0;
			};
			name = Debug;
		};
		CC8695E922F4F54C00E9F14D /* Release */ = {
			isa = XCBuildConfiguration;
			baseConfigurationReference = FD9E23ED21F7DA46284A61F3 /* Pods-Luzaz.release.xcconfig */;
			buildSettings = {
				ASSETCATALOG_COMPILER_APPICON_NAME = AppIcon;
				INFOPLIST_FILE = Luzaz/Info.plist;
				LD_RUNPATH_SEARCH_PATHS = "$(inherited) @executable_path/Frameworks";
				PRODUCT_BUNDLE_IDENTIFIER = Luzaz.Luzaz;
				PRODUCT_NAME = "$(TARGET_NAME)";
				SWIFT_VERSION = 3.0;
			};
			name = Release;
		};
		CC8695EB22F4F54C00E9F14D /* Debug */ = {
			isa = XCBuildConfiguration;
			baseConfigurationReference = 4DF2B521000D8C5E179AD6D5 /* Pods-LuzazTests.debug.xcconfig */;
			buildSettings = {
				ALWAYS_EMBED_SWIFT_STANDARD_LIBRARIES = YES;
				BUNDLE_LOADER = "$(TEST_HOST)";
				INFOPLIST_FILE = LuzazTests/Info.plist;
				LD_RUNPATH_SEARCH_PATHS = "$(inherited) @executable_path/Frameworks @loader_path/Frameworks";
				PRODUCT_BUNDLE_IDENTIFIER = Luzaz.LuzazTests;
				PRODUCT_NAME = "$(TARGET_NAME)";
				SWIFT_VERSION = 3.0;
				TEST_HOST = "$(BUILT_PRODUCTS_DIR)/Luzaz.app/Luzaz";
			};
			name = Debug;
		};
		CC8695EC22F4F54C00E9F14D /* Release */ = {
			isa = XCBuildConfiguration;
			baseConfigurationReference = E34F3A2E495180620BBEA816 /* Pods-LuzazTests.release.xcconfig */;
			buildSettings = {
				ALWAYS_EMBED_SWIFT_STANDARD_LIBRARIES = YES;
				BUNDLE_LOADER = "$(TEST_HOST)";
				INFOPLIST_FILE = LuzazTests/Info.plist;
				LD_RUNPATH_SEARCH_PATHS = "$(inherited) @executable_path/Frameworks @loader_path/Frameworks";
				PRODUCT_BUNDLE_IDENTIFIER = Luzaz.LuzazTests;
				PRODUCT_NAME = "$(TARGET_NAME)";
				SWIFT_VERSION = 3.0;
				TEST_HOST = "$(BUILT_PRODUCTS_DIR)/Luzaz.app/Luzaz";
			};
			name = Release;
		};
		CC8695EE22F4F54C00E9F14D /* Debug */ = {
			isa = XCBuildConfiguration;
			baseConfigurationReference = 8E56E4FA24B2B696BB1F3AFC /* Pods-LuzazUITests.debug.xcconfig */;
			buildSettings = {
				ALWAYS_EMBED_SWIFT_STANDARD_LIBRARIES = YES;
				INFOPLIST_FILE = LuzazUITests/Info.plist;
				LD_RUNPATH_SEARCH_PATHS = "$(inherited) @executable_path/Frameworks @loader_path/Frameworks";
				PRODUCT_BUNDLE_IDENTIFIER = Luzaz.LuzazUITests;
				PRODUCT_NAME = "$(TARGET_NAME)";
				SWIFT_VERSION = 3.0;
				TEST_TARGET_NAME = Luzaz;
			};
			name = Debug;
		};
		CC8695EF22F4F54C00E9F14D /* Release */ = {
			isa = XCBuildConfiguration;
			baseConfigurationReference = 56BDBA5BF56B31B6330EC880 /* Pods-LuzazUITests.release.xcconfig */;
			buildSettings = {
				ALWAYS_EMBED_SWIFT_STANDARD_LIBRARIES = YES;
				INFOPLIST_FILE = LuzazUITests/Info.plist;
				LD_RUNPATH_SEARCH_PATHS = "$(inherited) @executable_path/Frameworks @loader_path/Frameworks";
				PRODUCT_BUNDLE_IDENTIFIER = Luzaz.LuzazUITests;
				PRODUCT_NAME = "$(TARGET_NAME)";
				SWIFT_VERSION = 3.0;
				TEST_TARGET_NAME = Luzaz;
			};
			name = Release;
		};
/* End XCBuildConfiguration section */

/* Begin XCConfigurationList section */
		CC8695BA22F4F54B00E9F14D /* Build configuration list for PBXProject "Luzaz" */ = {
			isa = XCConfigurationList;
			buildConfigurations = (
				CC8695E522F4F54C00E9F14D /* Debug */,
				CC8695E622F4F54C00E9F14D /* Release */,
			);
			defaultConfigurationIsVisible = 0;
			defaultConfigurationName = Release;
		};
		CC8695E722F4F54C00E9F14D /* Build configuration list for PBXNativeTarget "Luzaz" */ = {
			isa = XCConfigurationList;
			buildConfigurations = (
				CC8695E822F4F54C00E9F14D /* Debug */,
				CC8695E922F4F54C00E9F14D /* Release */,
			);
			defaultConfigurationIsVisible = 0;
			defaultConfigurationName = Release;
		};
		CC8695EA22F4F54C00E9F14D /* Build configuration list for PBXNativeTarget "LuzazTests" */ = {
			isa = XCConfigurationList;
			buildConfigurations = (
				CC8695EB22F4F54C00E9F14D /* Debug */,
				CC8695EC22F4F54C00E9F14D /* Release */,
			);
			defaultConfigurationIsVisible = 0;
			defaultConfigurationName = Release;
		};
		CC8695ED22F4F54C00E9F14D /* Build configuration list for PBXNativeTarget "LuzazUITests" */ = {
			isa = XCConfigurationList;
			buildConfigurations = (
				CC8695EE22F4F54C00E9F14D /* Debug */,
				CC8695EF22F4F54C00E9F14D /* Release */,
			);
			defaultConfigurationIsVisible = 0;
			defaultConfigurationName = Release;
		};
/* End XCConfigurationList section */
	};
	rootObject = CC8695B722F4F54B00E9F14D /* Project object */;
}
